// !$*UTF8*$!
{
	archiveVersion = 1;
	classes = {
	};
	objectVersion = 46;
	objects = {

/* Begin PBXBuildFile section */
		CE363D001C4F671500828DC9 /* Adventure.m in Sources */ = {isa = PBXBuildFile; fileRef = CE363CFF1C4F671500828DC9 /* Adventure.m */; };
		CE363D031C4F681700828DC9 /* Story.m in Sources */ = {isa = PBXBuildFile; fileRef = CE363D021C4F681700828DC9 /* Story.m */; };
		CE363D091C4F9B2100828DC9 /* AppAboutViewController.m in Sources */ = {isa = PBXBuildFile; fileRef = CE363D081C4F9B2100828DC9 /* AppAboutViewController.m */; };
		CE363D0C1C539D6300828DC9 /* AdventureListViewController.m in Sources */ = {isa = PBXBuildFile; fileRef = CE363D0B1C539D6300828DC9 /* AdventureListViewController.m */; };
		CE363D0F1C539DB800828DC9 /* StoryViewController.m in Sources */ = {isa = PBXBuildFile; fileRef = CE363D0E1C539DB800828DC9 /* StoryViewController.m */; };
		CE363D121C539DEC00828DC9 /* SceneMapViewController.mm in Sources */ = {isa = PBXBuildFile; fileRef = CE363D111C539DEC00828DC9 /* SceneMapViewController.mm */; };
		CE53637A1CE5FB1C000BAC25 /* ARObject.m in Sources */ = {isa = PBXBuildFile; fileRef = CE5363791CE5FB1C000BAC25 /* ARObject.m */; };
		CE53637F1CE5FD58000BAC25 /* NamedObject.m in Sources */ = {isa = PBXBuildFile; fileRef = CE53637E1CE5FD58000BAC25 /* NamedObject.m */; };
		CE5363821CE60C5A000BAC25 /* Cache.m in Sources */ = {isa = PBXBuildFile; fileRef = CE5363811CE60C5A000BAC25 /* Cache.m */; };
		CE57589D1E4613BD0025B9FA /* treasure-map-launch-img.jpg in Resources */ = {isa = PBXBuildFile; fileRef = CE57589C1E4613BD0025B9FA /* treasure-map-launch-img.jpg */; };
		CE5758A11E4634800025B9FA /* Images.xcassets in Resources */ = {isa = PBXBuildFile; fileRef = CE5758A01E4634800025B9FA /* Images.xcassets */; };
		CE5758A41E4647B50025B9FA /* Texture.mm in Sources */ = {isa = PBXBuildFile; fileRef = CE5758A31E4647B50025B9FA /* Texture.mm */; };
		CE5758A71E464A1B0025B9FA /* Launch.storyboard in Resources */ = {isa = PBXBuildFile; fileRef = CE5758A61E464A1B0025B9FA /* Launch.storyboard */; };
		CE5C4A3B1E34B90B00E2CFE7 /* ActivityIndicatorView.m in Sources */ = {isa = PBXBuildFile; fileRef = CE5C4A3A1E34B90B00E2CFE7 /* ActivityIndicatorView.m */; };
		CE6DAC241C57B58D00DF50B7 /* ImageTargetsViewController.mm in Sources */ = {isa = PBXBuildFile; fileRef = CE6DAC231C57B58D00DF50B7 /* ImageTargetsViewController.mm */; };
		CE7BDC8D1E3BD79C0011EE9C /* ImageTargetsEAGLView.mm in Sources */ = {isa = PBXBuildFile; fileRef = CE7BDC8C1E3BD79C0011EE9C /* ImageTargetsEAGLView.mm */; };
		CE7BDC911E3CA5ED0011EE9C /* treasure-map-icon-32.png in Resources */ = {isa = PBXBuildFile; fileRef = CE7BDC901E3CA5ED0011EE9C /* treasure-map-icon-32.png */; };
		CE7BDC931E3CF65D0011EE9C /* 869-pin-toolbar.png in Resources */ = {isa = PBXBuildFile; fileRef = CE7BDC921E3CF65D0011EE9C /* 869-pin-toolbar.png */; };
		CE7BDC951E3DDDE80011EE9C /* ClipPlaneShader.fsh in Resources */ = {isa = PBXBuildFile; fileRef = CE7BDC941E3DDDE80011EE9C /* ClipPlaneShader.fsh */; };
		CE7BDC971E3DDE0A0011EE9C /* ClipPlaneShader.vsh in Resources */ = {isa = PBXBuildFile; fileRef = CE7BDC961E3DDE0A0011EE9C /* ClipPlaneShader.vsh */; };
		CE7BDC9E1E3DEF2E0011EE9C /* ClipPlaneShader.mm in Sources */ = {isa = PBXBuildFile; fileRef = CE7BDC9D1E3DEF2E0011EE9C /* ClipPlaneShader.mm */; };
		CE7EBC111E3611A6009DAF90 /* SemanticError.m in Sources */ = {isa = PBXBuildFile; fileRef = CE7EBC101E3611A6009DAF90 /* SemanticError.m */; };
		CE7EBC231E389FF7009DAF90 /* 734-chat-toolbar.png in Resources */ = {isa = PBXBuildFile; fileRef = CE7EBC221E389FF7009DAF90 /* 734-chat-toolbar.png */; };
		CE7EBC251E38A11F009DAF90 /* 852-map-toolbar.png in Resources */ = {isa = PBXBuildFile; fileRef = CE7EBC241E38A11F009DAF90 /* 852-map-toolbar.png */; };
		CE7EBC271E38A1FC009DAF90 /* 714-camera-toolbar.png in Resources */ = {isa = PBXBuildFile; fileRef = CE7EBC261E38A1FC009DAF90 /* 714-camera-toolbar.png */; };
		CEAFEEC31E3E6F290089749B /* AppNavigationController.m in Sources */ = {isa = PBXBuildFile; fileRef = CEAFEEC21E3E6F290089749B /* AppNavigationController.m */; };
		CEAFEEC61E3F39700089749B /* ARGameViewController.m in Sources */ = {isa = PBXBuildFile; fileRef = CEAFEEC51E3F39700089749B /* ARGameViewController.m */; };
		CEAFEECB1E3FE9120089749B /* MapKit.framework in Frameworks */ = {isa = PBXBuildFile; fileRef = CEAFEECA1E3FE9120089749B /* MapKit.framework */; };
		CEB18A571C5CE23F00996647 /* red-wood.jpg in Resources */ = {isa = PBXBuildFile; fileRef = CEB18A561C5CE23F00996647 /* red-wood.jpg */; };
		CEB18A591C5CED4D00996647 /* pergament-paper.jpg in Resources */ = {isa = PBXBuildFile; fileRef = CEB18A581C5CED4D00996647 /* pergament-paper.jpg */; };
		CEB247011C62030D00BA9A3A /* File.m in Sources */ = {isa = PBXBuildFile; fileRef = CEB247001C62030D00BA9A3A /* File.m */; };
		CEB247041C633BFE00BA9A3A /* Riddle.m in Sources */ = {isa = PBXBuildFile; fileRef = CEB247031C633BFE00BA9A3A /* Riddle.m */; };
		CEC13F8E1C4D763A004231EC /* DepthMapShader.mm in Sources */ = {isa = PBXBuildFile; fileRef = CEC13F8D1C4D763A004231EC /* DepthMapShader.mm */; };
		CEC534AC1C452A750072AD18 /* MaterialShader.fsh in Resources */ = {isa = PBXBuildFile; fileRef = CEC534AA1C452A750072AD18 /* MaterialShader.fsh */; };
		CEC534AD1C452A750072AD18 /* MaterialShader.vsh in Resources */ = {isa = PBXBuildFile; fileRef = CEC534AB1C452A750072AD18 /* MaterialShader.vsh */; };
		CEC9D6E31C40FCC600CBB3E5 /* libVuforia.a in Frameworks */ = {isa = PBXBuildFile; fileRef = CEC9D6E21C40FCC600CBB3E5 /* libVuforia.a */; };
		CED6E7C11E2E0CF30037991E /* treasure-map-icon.png in Resources */ = {isa = PBXBuildFile; fileRef = CED6E7C01E2E0CF30037991E /* treasure-map-icon.png */; };
		CED6E7C31E2E0F050037991E /* question-mark-icon.png in Resources */ = {isa = PBXBuildFile; fileRef = CED6E7C21E2E0F050037991E /* question-mark-icon.png */; };
		CED6E7C51E2E18000037991E /* open-book-icon.png in Resources */ = {isa = PBXBuildFile; fileRef = CED6E7C41E2E18000037991E /* open-book-icon.png */; };
		CED6E7C91E2E55640037991E /* NSString+HTML.m in Sources */ = {isa = PBXBuildFile; fileRef = CED6E7C81E2E55640037991E /* NSString+HTML.m */; };
		CEE502231E31F6A10046A06E /* AdventureDetailViewController.m in Sources */ = {isa = PBXBuildFile; fileRef = CEE502221E31F6A10046A06E /* AdventureDetailViewController.m */; };
		CEE502251E32646B0046A06E /* treasure-chest-icon.png in Resources */ = {isa = PBXBuildFile; fileRef = CEE502241E32646B0046A06E /* treasure-chest-icon.png */; };
		CEEEF12F1E22644200040365 /* OglObject.m in Sources */ = {isa = PBXBuildFile; fileRef = CEEEF12E1E22644200040365 /* OglObject.m */; };
		CEEF93591E448BC3005E9082 /* SphericalHarmonicShader.vsh in Resources */ = {isa = PBXBuildFile; fileRef = CEEF93581E448BC3005E9082 /* SphericalHarmonicShader.vsh */; };
		CEEF935B1E44A07D005E9082 /* SphericalHarmonicShader.fsh in Resources */ = {isa = PBXBuildFile; fileRef = CEEF935A1E44A07D005E9082 /* SphericalHarmonicShader.fsh */; };
		CEEF935D1E44DC09005E9082 /* 816-satellite-toolbar.png in Resources */ = {isa = PBXBuildFile; fileRef = CEEF935C1E44DC09005E9082 /* 816-satellite-toolbar.png */; };
		CEEF935F1E44E2CF005E9082 /* 724-info-toolbar.png in Resources */ = {isa = PBXBuildFile; fileRef = CEEF935E1E44E2CF005E9082 /* 724-info-toolbar.png */; };
		CEEF93621E44EA21005E9082 /* HintViewController.m in Sources */ = {isa = PBXBuildFile; fileRef = CEEF93611E44EA21005E9082 /* HintViewController.m */; };
		CEEF93641E44FCCF005E9082 /* toolbar_btn_bg.png in Resources */ = {isa = PBXBuildFile; fileRef = CEEF93631E44FCCF005E9082 /* toolbar_btn_bg.png */; };
		CEEF93671E45DB3C005E9082 /* HalfSizePresentationController.m in Sources */ = {isa = PBXBuildFile; fileRef = CEEF93661E45DB3C005E9082 /* HalfSizePresentationController.m */; };
		CEF1BE061E2E937B00385EA9 /* treasure-map.jpg in Resources */ = {isa = PBXBuildFile; fileRef = CEF1BE051E2E937B00385EA9 /* treasure-map.jpg */; };
		CEFCC8651E41FFDC008BAD7F /* ARQuestAppDelegate.m in Sources */ = {isa = PBXBuildFile; fileRef = CEFCC8641E41FFDC008BAD7F /* ARQuestAppDelegate.m */; };
		CEFCC86A1E421081008BAD7F /* SampleApplicationSession.mm in Sources */ = {isa = PBXBuildFile; fileRef = CEFCC8691E421081008BAD7F /* SampleApplicationSession.mm */; };
		CEFCC86C1E421290008BAD7F /* Magic_wand.mp3 in Resources */ = {isa = PBXBuildFile; fileRef = CEFCC86B1E421290008BAD7F /* Magic_wand.mp3 */; };
		CEFCC86E1E4212BE008BAD7F /* IT.png in Resources */ = {isa = PBXBuildFile; fileRef = CEFCC86D1E4212BE008BAD7F /* IT.png */; };
		CEFCC8701E42136E008BAD7F /* main.m in Sources */ = {isa = PBXBuildFile; fileRef = CEFCC86F1E42136E008BAD7F /* main.m */; };
		CEFD4A1B1C4C046800CB0B27 /* Scene.m in Sources */ = {isa = PBXBuildFile; fileRef = CEFD4A181C4C046800CB0B27 /* Scene.m */; };
		CEFD4A1F1C4C048500CB0B27 /* TourManager.m in Sources */ = {isa = PBXBuildFile; fileRef = CEFD4A1E1C4C048500CB0B27 /* TourManager.m */; };
		CEFD4A241C4C057C00CB0B27 /* Light.m in Sources */ = {isa = PBXBuildFile; fileRef = CEFD4A211C4C057C00CB0B27 /* Light.m */; };
		CEFD4A251C4C057C00CB0B27 /* Material.m in Sources */ = {isa = PBXBuildFile; fileRef = CEFD4A231C4C057C00CB0B27 /* Material.m */; };
		CEFD4A281C4C059500CB0B27 /* Shader.mm in Sources */ = {isa = PBXBuildFile; fileRef = CEFD4A271C4C059500CB0B27 /* Shader.mm */; };
		CEFD4A2B1C4C05B000CB0B27 /* ShaderUtils.cpp in Sources */ = {isa = PBXBuildFile; fileRef = CEFD4A291C4C05B000CB0B27 /* ShaderUtils.cpp */; };
		CEFD4A2E1C4C05C400CB0B27 /* Object3D.m in Sources */ = {isa = PBXBuildFile; fileRef = CEFD4A2D1C4C05C400CB0B27 /* Object3D.m */; };
		CEFD4A311C4C063C00CB0B27 /* FileManager.m in Sources */ = {isa = PBXBuildFile; fileRef = CEFD4A301C4C063C00CB0B27 /* FileManager.m */; };
		CEFD4A341C4C082600CB0B27 /* LightShader.mm in Sources */ = {isa = PBXBuildFile; fileRef = CEFD4A331C4C082600CB0B27 /* LightShader.mm */; };
		CEFD4A371C4C086200CB0B27 /* MaterialShader.mm in Sources */ = {isa = PBXBuildFile; fileRef = CEFD4A361C4C086200CB0B27 /* MaterialShader.mm */; };
		CEFD4A3A1C4C08A100CB0B27 /* TextureShader.mm in Sources */ = {isa = PBXBuildFile; fileRef = CEFD4A391C4C08A100CB0B27 /* TextureShader.mm */; };
		CEFD4A3D1C4C08D900CB0B27 /* TextureLightShader.mm in Sources */ = {isa = PBXBuildFile; fileRef = CEFD4A3C1C4C08D900CB0B27 /* TextureLightShader.mm */; };
		CEFD4A421C4C0A2E00CB0B27 /* MtlFileParser.m in Sources */ = {isa = PBXBuildFile; fileRef = CEFD4A3F1C4C0A2E00CB0B27 /* MtlFileParser.m */; };
		CEFD4A431C4C0A2E00CB0B27 /* MtlFileScanner.m in Sources */ = {isa = PBXBuildFile; fileRef = CEFD4A411C4C0A2E00CB0B27 /* MtlFileScanner.m */; };
		CEFD4A461C4C0A4300CB0B27 /* ObjFileParser.m in Sources */ = {isa = PBXBuildFile; fileRef = CEFD4A451C4C0A4300CB0B27 /* ObjFileParser.m */; };
		CEFD4A4B1C4C0A9400CB0B27 /* ObjFileScanner.m in Sources */ = {isa = PBXBuildFile; fileRef = CEFD4A481C4C0A9400CB0B27 /* ObjFileScanner.m */; };
		CEFD4A4C1C4C0A9400CB0B27 /* Scanner.m in Sources */ = {isa = PBXBuildFile; fileRef = CEFD4A4A1C4C0A9400CB0B27 /* Scanner.m */; };
		CEFD4A531C4C0AA800CB0B27 /* SymObject.m in Sources */ = {isa = PBXBuildFile; fileRef = CEFD4A4E1C4C0AA800CB0B27 /* SymObject.m */; };
		CEFD4A541C4C0AA800CB0B27 /* SymTable.m in Sources */ = {isa = PBXBuildFile; fileRef = CEFD4A501C4C0AA800CB0B27 /* SymTable.m */; };
		CEFD4A551C4C0AA800CB0B27 /* SyntaxError.m in Sources */ = {isa = PBXBuildFile; fileRef = CEFD4A521C4C0AA800CB0B27 /* SyntaxError.m */; };
		CEFD4A581C4C0B3C00CB0B27 /* TextureLightShader.fsh in Resources */ = {isa = PBXBuildFile; fileRef = CEFD4A561C4C0B3C00CB0B27 /* TextureLightShader.fsh */; };
		CEFD4A591C4C0B3C00CB0B27 /* TextureLightShader.vsh in Resources */ = {isa = PBXBuildFile; fileRef = CEFD4A571C4C0B3C00CB0B27 /* TextureLightShader.vsh */; };
		CEFD4A5C1C4C0B6200CB0B27 /* TextureLightShader2.fsh in Resources */ = {isa = PBXBuildFile; fileRef = CEFD4A5A1C4C0B6200CB0B27 /* TextureLightShader2.fsh */; };
		CEFD4A5D1C4C0B6200CB0B27 /* TextureLightShader2.vsh in Resources */ = {isa = PBXBuildFile; fileRef = CEFD4A5B1C4C0B6200CB0B27 /* TextureLightShader2.vsh */; };
		CEFD4A5F1C4C0B9200CB0B27 /* TextureShader.fsh in Resources */ = {isa = PBXBuildFile; fileRef = CEFD4A5E1C4C0B9200CB0B27 /* TextureShader.fsh */; };
		CEFD4A611C4C0BA100CB0B27 /* TextureShader.vsh in Resources */ = {isa = PBXBuildFile; fileRef = CEFD4A601C4C0BA100CB0B27 /* TextureShader.vsh */; };
		CEFD4A631C4C0C2D00CB0B27 /* DepthMapShader.fsh in Resources */ = {isa = PBXBuildFile; fileRef = CEFD4A621C4C0C2D00CB0B27 /* DepthMapShader.fsh */; };
		CEFD4A651C4C0C4300CB0B27 /* DepthMapShader.vsh in Resources */ = {isa = PBXBuildFile; fileRef = CEFD4A641C4C0C4300CB0B27 /* DepthMapShader.vsh */; };
		CEFF797E1E2CC8CC006D7F41 /* SceneViewController.m in Sources */ = {isa = PBXBuildFile; fileRef = CEFF797D1E2CC8CC006D7F41 /* SceneViewController.m */; };
		CEFF79831E2CFBD0006D7F41 /* RiddleViewController.m in Sources */ = {isa = PBXBuildFile; fileRef = CEFF79821E2CFBD0006D7F41 /* RiddleViewController.m */; };
		D21B08711A1B6AD60041ECF3 /* AVFoundation.framework in Frameworks */ = {isa = PBXBuildFile; fileRef = D21B08691A1B6AD60041ECF3 /* AVFoundation.framework */; };
		D21B08721A1B6AD60041ECF3 /* CoreFoundation.framework in Frameworks */ = {isa = PBXBuildFile; fileRef = D21B086A1A1B6AD60041ECF3 /* CoreFoundation.framework */; };
		D21B08731A1B6AD60041ECF3 /* CoreGraphics.framework in Frameworks */ = {isa = PBXBuildFile; fileRef = D21B086B1A1B6AD60041ECF3 /* CoreGraphics.framework */; };
		D21B08741A1B6AD60041ECF3 /* OpenGLES.framework in Frameworks */ = {isa = PBXBuildFile; fileRef = D21B086C1A1B6AD60041ECF3 /* OpenGLES.framework */; };
		D21B08751A1B6AD60041ECF3 /* QuartzCore.framework in Frameworks */ = {isa = PBXBuildFile; fileRef = D21B086D1A1B6AD60041ECF3 /* QuartzCore.framework */; };
		D21B08761A1B6AD60041ECF3 /* Security.framework in Frameworks */ = {isa = PBXBuildFile; fileRef = D21B086E1A1B6AD60041ECF3 /* Security.framework */; };
		D21B08771A1B6AD60041ECF3 /* SystemConfiguration.framework in Frameworks */ = {isa = PBXBuildFile; fileRef = D21B086F1A1B6AD60041ECF3 /* SystemConfiguration.framework */; };
		D21B08781A1B6AD60041ECF3 /* UIKit.framework in Frameworks */ = {isa = PBXBuildFile; fileRef = D21B08701A1B6AD60041ECF3 /* UIKit.framework */; };
		D21B087E1A1B6E1E0041ECF3 /* CoreMotion.framework in Frameworks */ = {isa = PBXBuildFile; fileRef = D21B087C1A1B6E1E0041ECF3 /* CoreMotion.framework */; };
		D21B087F1A1B6E1E0041ECF3 /* Foundation.framework in Frameworks */ = {isa = PBXBuildFile; fileRef = D21B087D1A1B6E1E0041ECF3 /* Foundation.framework */; };
		D21B08811A1B71190041ECF3 /* CoreMedia.framework in Frameworks */ = {isa = PBXBuildFile; fileRef = D21B08801A1B71190041ECF3 /* CoreMedia.framework */; };
		D28C51241A8B5B8C000B6C9A /* MediaPlayer.framework in Frameworks */ = {isa = PBXBuildFile; fileRef = D28C51231A8B5B8C000B6C9A /* MediaPlayer.framework */; };
		D28C51261A8B5BC9000B6C9A /* AudioToolbox.framework in Frameworks */ = {isa = PBXBuildFile; fileRef = D28C51251A8B5BC9000B6C9A /* AudioToolbox.framework */; };
		DA0A88741EA360550048E662 /* GameStatus.m in Sources */ = {isa = PBXBuildFile; fileRef = DA0A88731EA360550048E662 /* GameStatus.m */; };
		DA0A88761EA36A7F0048E662 /* CoreLocation.framework in Frameworks */ = {isa = PBXBuildFile; fileRef = DA0A88751EA36A7F0048E662 /* CoreLocation.framework */; };
		DA2680861EA755F5006813DA /* Localizable.strings in Resources */ = {isa = PBXBuildFile; fileRef = DA2680881EA755F5006813DA /* Localizable.strings */; };
		DA73D3E31EA759B600403F27 /* Main.storyboard in Resources */ = {isa = PBXBuildFile; fileRef = DA2680831EA7542B006813DA /* Main.storyboard */; };
		DA7F7E6E1E6B220B00155C3B /* City.m in Sources */ = {isa = PBXBuildFile; fileRef = DA7F7E6D1E6B220B00155C3B /* City.m */; };
		DAD8D3431E6DDD5F0027897E /* 816-satellite-toolbar@3x.png in Resources */ = {isa = PBXBuildFile; fileRef = DAD8D3421E6DDD5F0027897E /* 816-satellite-toolbar@3x.png */; };
		DAD8D3451E6DDD830027897E /* 816-satellite-toolbar-selected@3x.png in Resources */ = {isa = PBXBuildFile; fileRef = DAD8D3441E6DDD830027897E /* 816-satellite-toolbar-selected@3x.png */; };
		DAD8D3471E6DDF1F0027897E /* 816-satellite-toolbar@2x.png in Resources */ = {isa = PBXBuildFile; fileRef = DAD8D3461E6DDF1F0027897E /* 816-satellite-toolbar@2x.png */; };
		DAD8D3491E6DE0510027897E /* 714-camera-toolbar-selected@3x.png in Resources */ = {isa = PBXBuildFile; fileRef = DAD8D3481E6DE0510027897E /* 714-camera-toolbar-selected@3x.png */; };
		DAD8D34B1E6DE0930027897E /* 714-camera-toolbar@3x.png in Resources */ = {isa = PBXBuildFile; fileRef = DAD8D34A1E6DE0930027897E /* 714-camera-toolbar@3x.png */; };
		DAD8D34D1E6DE0A50027897E /* 724-info-toolbar-selected@3x.png in Resources */ = {isa = PBXBuildFile; fileRef = DAD8D34C1E6DE0A50027897E /* 724-info-toolbar-selected@3x.png */; };
		DAD8D34F1E6DE0B30027897E /* 724-info-toolbar@3x.png in Resources */ = {isa = PBXBuildFile; fileRef = DAD8D34E1E6DE0B30027897E /* 724-info-toolbar@3x.png */; };
		DAD8D3511E6DE1AD0027897E /* 714-camera-toolbar@2x.png in Resources */ = {isa = PBXBuildFile; fileRef = DAD8D3501E6DE1AD0027897E /* 714-camera-toolbar@2x.png */; };
		DAD8D3531E6DE1C00027897E /* 724-info-toolbar@2x.png in Resources */ = {isa = PBXBuildFile; fileRef = DAD8D3521E6DE1C00027897E /* 724-info-toolbar@2x.png */; };
		DAD8D3551E6DE2B40027897E /* 852-map-toolbar-selected@3x.png in Resources */ = {isa = PBXBuildFile; fileRef = DAD8D3541E6DE2B40027897E /* 852-map-toolbar-selected@3x.png */; };
		DAD8D3581E6DE2C60027897E /* 852-map-toolbar@2x.png in Resources */ = {isa = PBXBuildFile; fileRef = DAD8D3561E6DE2C60027897E /* 852-map-toolbar@2x.png */; };
		DAD8D3591E6DE2C60027897E /* 852-map-toolbar@3x.png in Resources */ = {isa = PBXBuildFile; fileRef = DAD8D3571E6DE2C60027897E /* 852-map-toolbar@3x.png */; };
		DAD8D35B1E6DE3010027897E /* 869-pin-toolbar@2x.png in Resources */ = {isa = PBXBuildFile; fileRef = DAD8D35A1E6DE3010027897E /* 869-pin-toolbar@2x.png */; };
		DAD8D35D1E6DE3320027897E /* 869-pin-toolbar-selected@3x.png in Resources */ = {isa = PBXBuildFile; fileRef = DAD8D35C1E6DE3320027897E /* 869-pin-toolbar-selected@3x.png */; };
		DAD8D35F1E6DE3440027897E /* 869-pin-toolbar@3x.png in Resources */ = {isa = PBXBuildFile; fileRef = DAD8D35E1E6DE3440027897E /* 869-pin-toolbar@3x.png */; };
		DAD8D3611E6DE3B70027897E /* 734-chat-toolbar-selected@3x.png in Resources */ = {isa = PBXBuildFile; fileRef = DAD8D3601E6DE3B70027897E /* 734-chat-toolbar-selected@3x.png */; };
		DAD8D3641E6DE3C20027897E /* 734-chat-toolbar@2x.png in Resources */ = {isa = PBXBuildFile; fileRef = DAD8D3621E6DE3C20027897E /* 734-chat-toolbar@2x.png */; };
		DAD8D3651E6DE3C20027897E /* 734-chat-toolbar@3x.png in Resources */ = {isa = PBXBuildFile; fileRef = DAD8D3631E6DE3C20027897E /* 734-chat-toolbar@3x.png */; };
		DAD8D3671E6DFD830027897E /* 869-pin-toolbar-selected@2x.png in Resources */ = {isa = PBXBuildFile; fileRef = DAD8D3661E6DFD830027897E /* 869-pin-toolbar-selected@2x.png */; };
		DAE5E2EB1EA69988005151CF /* AdventureListViewCell.m in Sources */ = {isa = PBXBuildFile; fileRef = DAE5E2EA1EA69988005151CF /* AdventureListViewCell.m */; };
/* End PBXBuildFile section */

/* Begin PBXFileReference section */
		CE363CFE1C4F669000828DC9 /* Adventure.h */ = {isa = PBXFileReference; lastKnownFileType = sourcecode.c.h; name = Adventure.h; path = Classes/Adventure.h; sourceTree = SOURCE_ROOT; };
		CE363CFF1C4F671500828DC9 /* Adventure.m */ = {isa = PBXFileReference; fileEncoding = 4; lastKnownFileType = sourcecode.c.objc; name = Adventure.m; path = Classes/Adventure.m; sourceTree = SOURCE_ROOT; };
		CE363D011C4F67C000828DC9 /* Story.h */ = {isa = PBXFileReference; lastKnownFileType = sourcecode.c.h; name = Story.h; path = Classes/Story.h; sourceTree = SOURCE_ROOT; };
		CE363D021C4F681700828DC9 /* Story.m */ = {isa = PBXFileReference; fileEncoding = 4; lastKnownFileType = sourcecode.c.objc; name = Story.m; path = Classes/Story.m; sourceTree = SOURCE_ROOT; };
		CE363D071C4F9B2100828DC9 /* AppAboutViewController.h */ = {isa = PBXFileReference; fileEncoding = 4; lastKnownFileType = sourcecode.c.h; name = AppAboutViewController.h; path = Classes/AppAboutViewController.h; sourceTree = SOURCE_ROOT; };
		CE363D081C4F9B2100828DC9 /* AppAboutViewController.m */ = {isa = PBXFileReference; fileEncoding = 4; lastKnownFileType = sourcecode.c.objc; name = AppAboutViewController.m; path = Classes/AppAboutViewController.m; sourceTree = SOURCE_ROOT; };
		CE363D0A1C539D6300828DC9 /* AdventureListViewController.h */ = {isa = PBXFileReference; fileEncoding = 4; lastKnownFileType = sourcecode.c.h; name = AdventureListViewController.h; path = Classes/AdventureListViewController.h; sourceTree = SOURCE_ROOT; };
		CE363D0B1C539D6300828DC9 /* AdventureListViewController.m */ = {isa = PBXFileReference; fileEncoding = 4; lastKnownFileType = sourcecode.c.objc; name = AdventureListViewController.m; path = Classes/AdventureListViewController.m; sourceTree = SOURCE_ROOT; };
		CE363D0D1C539DB800828DC9 /* StoryViewController.h */ = {isa = PBXFileReference; fileEncoding = 4; lastKnownFileType = sourcecode.c.h; name = StoryViewController.h; path = Classes/StoryViewController.h; sourceTree = SOURCE_ROOT; };
		CE363D0E1C539DB800828DC9 /* StoryViewController.m */ = {isa = PBXFileReference; fileEncoding = 4; lastKnownFileType = sourcecode.c.objc; name = StoryViewController.m; path = Classes/StoryViewController.m; sourceTree = SOURCE_ROOT; };
		CE363D101C539DEC00828DC9 /* SceneMapViewController.h */ = {isa = PBXFileReference; fileEncoding = 4; lastKnownFileType = sourcecode.c.h; name = SceneMapViewController.h; path = Classes/SceneMapViewController.h; sourceTree = SOURCE_ROOT; };
		CE363D111C539DEC00828DC9 /* SceneMapViewController.mm */ = {isa = PBXFileReference; fileEncoding = 4; lastKnownFileType = sourcecode.cpp.objcpp; name = SceneMapViewController.mm; path = Classes/SceneMapViewController.mm; sourceTree = SOURCE_ROOT; };
		CE5363791CE5FB1C000BAC25 /* ARObject.m */ = {isa = PBXFileReference; fileEncoding = 4; lastKnownFileType = sourcecode.c.objc; name = ARObject.m; path = Classes/ARObject.m; sourceTree = SOURCE_ROOT; };
		CE53637B1CE5FBDB000BAC25 /* ARObject.h */ = {isa = PBXFileReference; lastKnownFileType = sourcecode.c.h; name = ARObject.h; path = Classes/ARObject.h; sourceTree = SOURCE_ROOT; };
		CE53637D1CE5FCE5000BAC25 /* NamedObject.h */ = {isa = PBXFileReference; lastKnownFileType = sourcecode.c.h; name = NamedObject.h; path = Classes/NamedObject.h; sourceTree = SOURCE_ROOT; };
		CE53637E1CE5FD58000BAC25 /* NamedObject.m */ = {isa = PBXFileReference; fileEncoding = 4; lastKnownFileType = sourcecode.c.objc; name = NamedObject.m; path = Classes/NamedObject.m; sourceTree = SOURCE_ROOT; };
		CE5363801CE60A8E000BAC25 /* Cache.h */ = {isa = PBXFileReference; lastKnownFileType = sourcecode.c.h; name = Cache.h; path = Classes/Cache.h; sourceTree = SOURCE_ROOT; };
		CE5363811CE60C5A000BAC25 /* Cache.m */ = {isa = PBXFileReference; fileEncoding = 4; lastKnownFileType = sourcecode.c.objc; name = Cache.m; path = Classes/Cache.m; sourceTree = SOURCE_ROOT; };
		CE57589C1E4613BD0025B9FA /* treasure-map-launch-img.jpg */ = {isa = PBXFileReference; lastKnownFileType = image.jpeg; path = "treasure-map-launch-img.jpg"; sourceTree = SOURCE_ROOT; };
		CE5758A01E4634800025B9FA /* Images.xcassets */ = {isa = PBXFileReference; lastKnownFileType = folder.assetcatalog; path = Images.xcassets; sourceTree = SOURCE_ROOT; };
		CE5758A21E4647B50025B9FA /* Texture.h */ = {isa = PBXFileReference; fileEncoding = 4; lastKnownFileType = sourcecode.c.h; name = Texture.h; path = Classes/Texture.h; sourceTree = SOURCE_ROOT; };
		CE5758A31E4647B50025B9FA /* Texture.mm */ = {isa = PBXFileReference; fileEncoding = 4; lastKnownFileType = sourcecode.cpp.objcpp; name = Texture.mm; path = Classes/Texture.mm; sourceTree = SOURCE_ROOT; };
		CE5758A51E4648300025B9FA /* SampleGLResourceHandler.h */ = {isa = PBXFileReference; fileEncoding = 4; lastKnownFileType = sourcecode.c.h; name = SampleGLResourceHandler.h; path = Classes/SampleGLResourceHandler.h; sourceTree = SOURCE_ROOT; };
		CE5758A61E464A1B0025B9FA /* Launch.storyboard */ = {isa = PBXFileReference; fileEncoding = 4; lastKnownFileType = file.storyboard; path = Launch.storyboard; sourceTree = SOURCE_ROOT; };
		CE5C4A391E34B90B00E2CFE7 /* ActivityIndicatorView.h */ = {isa = PBXFileReference; fileEncoding = 4; lastKnownFileType = sourcecode.c.h; name = ActivityIndicatorView.h; path = Classes/ActivityIndicatorView.h; sourceTree = SOURCE_ROOT; };
		CE5C4A3A1E34B90B00E2CFE7 /* ActivityIndicatorView.m */ = {isa = PBXFileReference; fileEncoding = 4; lastKnownFileType = sourcecode.c.objc; name = ActivityIndicatorView.m; path = Classes/ActivityIndicatorView.m; sourceTree = SOURCE_ROOT; };
		CE6DAC221C57B58D00DF50B7 /* ImageTargetsViewController.h */ = {isa = PBXFileReference; fileEncoding = 4; lastKnownFileType = sourcecode.c.h; name = ImageTargetsViewController.h; path = Classes/ImageTargetsViewController.h; sourceTree = SOURCE_ROOT; };
		CE6DAC231C57B58D00DF50B7 /* ImageTargetsViewController.mm */ = {isa = PBXFileReference; fileEncoding = 4; lastKnownFileType = sourcecode.cpp.objcpp; name = ImageTargetsViewController.mm; path = Classes/ImageTargetsViewController.mm; sourceTree = SOURCE_ROOT; };
		CE7BDC8B1E3BD79C0011EE9C /* ImageTargetsEAGLView.h */ = {isa = PBXFileReference; fileEncoding = 4; lastKnownFileType = sourcecode.c.h; name = ImageTargetsEAGLView.h; path = Classes/ImageTargetsEAGLView.h; sourceTree = SOURCE_ROOT; };
		CE7BDC8C1E3BD79C0011EE9C /* ImageTargetsEAGLView.mm */ = {isa = PBXFileReference; fileEncoding = 4; lastKnownFileType = sourcecode.cpp.objcpp; name = ImageTargetsEAGLView.mm; path = Classes/ImageTargetsEAGLView.mm; sourceTree = SOURCE_ROOT; };
		CE7BDC901E3CA5ED0011EE9C /* treasure-map-icon-32.png */ = {isa = PBXFileReference; lastKnownFileType = image.png; name = "treasure-map-icon-32.png"; path = "Assets/treasure-map-icon-32.png"; sourceTree = SOURCE_ROOT; };
		CE7BDC921E3CF65D0011EE9C /* 869-pin-toolbar.png */ = {isa = PBXFileReference; lastKnownFileType = image.png; name = "869-pin-toolbar.png"; path = "Assets/869-pin-toolbar.png"; sourceTree = SOURCE_ROOT; };
		CE7BDC941E3DDDE80011EE9C /* ClipPlaneShader.fsh */ = {isa = PBXFileReference; fileEncoding = 4; lastKnownFileType = sourcecode.glsl; name = ClipPlaneShader.fsh; path = Classes/Shaders/ClipPlaneShader.fsh; sourceTree = SOURCE_ROOT; };
		CE7BDC961E3DDE0A0011EE9C /* ClipPlaneShader.vsh */ = {isa = PBXFileReference; fileEncoding = 4; lastKnownFileType = sourcecode.glsl; name = ClipPlaneShader.vsh; path = Classes/Shaders/ClipPlaneShader.vsh; sourceTree = SOURCE_ROOT; };
		CE7BDC9D1E3DEF2E0011EE9C /* ClipPlaneShader.mm */ = {isa = PBXFileReference; fileEncoding = 4; lastKnownFileType = sourcecode.cpp.objcpp; name = ClipPlaneShader.mm; path = Classes/ClipPlaneShader.mm; sourceTree = SOURCE_ROOT; };
		CE7BDC9F1E3DF83E0011EE9C /* ClipPlaneShader.h */ = {isa = PBXFileReference; lastKnownFileType = sourcecode.c.h; name = ClipPlaneShader.h; path = Classes/ClipPlaneShader.h; sourceTree = SOURCE_ROOT; };
		CE7EBC0F1E3611A6009DAF90 /* SemanticError.h */ = {isa = PBXFileReference; fileEncoding = 4; lastKnownFileType = sourcecode.c.h; name = SemanticError.h; path = Classes/SemanticError.h; sourceTree = SOURCE_ROOT; };
		CE7EBC101E3611A6009DAF90 /* SemanticError.m */ = {isa = PBXFileReference; fileEncoding = 4; lastKnownFileType = sourcecode.c.objc; name = SemanticError.m; path = Classes/SemanticError.m; sourceTree = SOURCE_ROOT; };
		CE7EBC221E389FF7009DAF90 /* 734-chat-toolbar.png */ = {isa = PBXFileReference; lastKnownFileType = image.png; name = "734-chat-toolbar.png"; path = "Assets/734-chat-toolbar.png"; sourceTree = SOURCE_ROOT; };
		CE7EBC241E38A11F009DAF90 /* 852-map-toolbar.png */ = {isa = PBXFileReference; lastKnownFileType = image.png; name = "852-map-toolbar.png"; path = "Assets/852-map-toolbar.png"; sourceTree = SOURCE_ROOT; };
		CE7EBC261E38A1FC009DAF90 /* 714-camera-toolbar.png */ = {isa = PBXFileReference; lastKnownFileType = image.png; name = "714-camera-toolbar.png"; path = "Assets/714-camera-toolbar.png"; sourceTree = SOURCE_ROOT; };
		CE7EBC291E38BED2009DAF90 /* AR-Quest-Info.plist */ = {isa = PBXFileReference; fileEncoding = 4; lastKnownFileType = text.plist.xml; path = "AR-Quest-Info.plist"; sourceTree = SOURCE_ROOT; };
		CEAFEEC11E3E6F290089749B /* AppNavigationController.h */ = {isa = PBXFileReference; fileEncoding = 4; lastKnownFileType = sourcecode.c.h; name = AppNavigationController.h; path = Classes/AppNavigationController.h; sourceTree = SOURCE_ROOT; };
		CEAFEEC21E3E6F290089749B /* AppNavigationController.m */ = {isa = PBXFileReference; fileEncoding = 4; lastKnownFileType = sourcecode.c.objc; name = AppNavigationController.m; path = Classes/AppNavigationController.m; sourceTree = SOURCE_ROOT; };
		CEAFEEC41E3F39700089749B /* ARGameViewController.h */ = {isa = PBXFileReference; fileEncoding = 4; lastKnownFileType = sourcecode.c.h; name = ARGameViewController.h; path = Classes/ARGameViewController.h; sourceTree = SOURCE_ROOT; };
		CEAFEEC51E3F39700089749B /* ARGameViewController.m */ = {isa = PBXFileReference; fileEncoding = 4; lastKnownFileType = sourcecode.c.objc; name = ARGameViewController.m; path = Classes/ARGameViewController.m; sourceTree = SOURCE_ROOT; };
		CEAFEECA1E3FE9120089749B /* MapKit.framework */ = {isa = PBXFileReference; lastKnownFileType = wrapper.framework; name = MapKit.framework; path = System/Library/Frameworks/MapKit.framework; sourceTree = SDKROOT; };
		CEB18A561C5CE23F00996647 /* red-wood.jpg */ = {isa = PBXFileReference; lastKnownFileType = image.jpeg; name = "red-wood.jpg"; path = "Assets/red-wood.jpg"; sourceTree = SOURCE_ROOT; };
		CEB18A581C5CED4D00996647 /* pergament-paper.jpg */ = {isa = PBXFileReference; lastKnownFileType = image.jpeg; name = "pergament-paper.jpg"; path = "Assets/pergament-paper.jpg"; sourceTree = SOURCE_ROOT; };
		CEB246FF1C62029400BA9A3A /* File.h */ = {isa = PBXFileReference; lastKnownFileType = sourcecode.c.h; name = File.h; path = Classes/File.h; sourceTree = SOURCE_ROOT; };
		CEB247001C62030D00BA9A3A /* File.m */ = {isa = PBXFileReference; fileEncoding = 4; lastKnownFileType = sourcecode.c.objc; name = File.m; path = Classes/File.m; sourceTree = SOURCE_ROOT; };
		CEB247021C633B5300BA9A3A /* Riddle.h */ = {isa = PBXFileReference; lastKnownFileType = sourcecode.c.h; name = Riddle.h; path = Classes/Riddle.h; sourceTree = SOURCE_ROOT; };
		CEB247031C633BFE00BA9A3A /* Riddle.m */ = {isa = PBXFileReference; fileEncoding = 4; lastKnownFileType = sourcecode.c.objc; name = Riddle.m; path = Classes/Riddle.m; sourceTree = SOURCE_ROOT; };
		CEC13F8C1C4D763A004231EC /* DepthMapShader.h */ = {isa = PBXFileReference; fileEncoding = 4; lastKnownFileType = sourcecode.c.h; name = DepthMapShader.h; path = Classes/DepthMapShader.h; sourceTree = SOURCE_ROOT; };
		CEC13F8D1C4D763A004231EC /* DepthMapShader.mm */ = {isa = PBXFileReference; fileEncoding = 4; lastKnownFileType = sourcecode.cpp.objcpp; name = DepthMapShader.mm; path = Classes/DepthMapShader.mm; sourceTree = SOURCE_ROOT; };
		CEC534AA1C452A750072AD18 /* MaterialShader.fsh */ = {isa = PBXFileReference; fileEncoding = 4; lastKnownFileType = sourcecode.glsl; name = MaterialShader.fsh; path = Classes/Shaders/MaterialShader.fsh; sourceTree = SOURCE_ROOT; };
		CEC534AB1C452A750072AD18 /* MaterialShader.vsh */ = {isa = PBXFileReference; fileEncoding = 4; lastKnownFileType = sourcecode.glsl; name = MaterialShader.vsh; path = Classes/Shaders/MaterialShader.vsh; sourceTree = SOURCE_ROOT; };
		CEC9D6E21C40FCC600CBB3E5 /* libVuforia.a */ = {isa = PBXFileReference; lastKnownFileType = archive.ar; path = libVuforia.a; sourceTree = "<group>"; };
		CED6E7C01E2E0CF30037991E /* treasure-map-icon.png */ = {isa = PBXFileReference; lastKnownFileType = image.png; name = "treasure-map-icon.png"; path = "Assets/treasure-map-icon.png"; sourceTree = SOURCE_ROOT; };
		CED6E7C21E2E0F050037991E /* question-mark-icon.png */ = {isa = PBXFileReference; lastKnownFileType = image.png; name = "question-mark-icon.png"; path = "Assets/question-mark-icon.png"; sourceTree = SOURCE_ROOT; };
		CED6E7C41E2E18000037991E /* open-book-icon.png */ = {isa = PBXFileReference; lastKnownFileType = image.png; name = "open-book-icon.png"; path = "Assets/open-book-icon.png"; sourceTree = SOURCE_ROOT; };
		CED6E7C71E2E552E0037991E /* NSString+HTML.h */ = {isa = PBXFileReference; lastKnownFileType = sourcecode.c.h; name = "NSString+HTML.h"; path = "Classes/NSString+HTML.h"; sourceTree = SOURCE_ROOT; };
		CED6E7C81E2E55640037991E /* NSString+HTML.m */ = {isa = PBXFileReference; fileEncoding = 4; lastKnownFileType = sourcecode.c.objc; name = "NSString+HTML.m"; path = "Classes/NSString+HTML.m"; sourceTree = SOURCE_ROOT; };
		CEE502211E31F6A10046A06E /* AdventureDetailViewController.h */ = {isa = PBXFileReference; fileEncoding = 4; lastKnownFileType = sourcecode.c.h; name = AdventureDetailViewController.h; path = Classes/AdventureDetailViewController.h; sourceTree = SOURCE_ROOT; };
		CEE502221E31F6A10046A06E /* AdventureDetailViewController.m */ = {isa = PBXFileReference; fileEncoding = 4; lastKnownFileType = sourcecode.c.objc; name = AdventureDetailViewController.m; path = Classes/AdventureDetailViewController.m; sourceTree = SOURCE_ROOT; };
		CEE502241E32646B0046A06E /* treasure-chest-icon.png */ = {isa = PBXFileReference; lastKnownFileType = image.png; name = "treasure-chest-icon.png"; path = "Assets/treasure-chest-icon.png"; sourceTree = SOURCE_ROOT; };
		CEEEF12E1E22644200040365 /* OglObject.m */ = {isa = PBXFileReference; fileEncoding = 4; lastKnownFileType = sourcecode.c.objc; name = OglObject.m; path = Classes/OglObject.m; sourceTree = SOURCE_ROOT; };
		CEEEF1301E22647900040365 /* OglObject.h */ = {isa = PBXFileReference; lastKnownFileType = sourcecode.c.h; name = OglObject.h; path = Classes/OglObject.h; sourceTree = SOURCE_ROOT; };
		CEEF93581E448BC3005E9082 /* SphericalHarmonicShader.vsh */ = {isa = PBXFileReference; fileEncoding = 4; lastKnownFileType = sourcecode.glsl; name = SphericalHarmonicShader.vsh; path = Classes/Shaders/SphericalHarmonicShader.vsh; sourceTree = SOURCE_ROOT; };
		CEEF935A1E44A07D005E9082 /* SphericalHarmonicShader.fsh */ = {isa = PBXFileReference; fileEncoding = 4; lastKnownFileType = sourcecode.glsl; name = SphericalHarmonicShader.fsh; path = Classes/Shaders/SphericalHarmonicShader.fsh; sourceTree = SOURCE_ROOT; };
		CEEF935C1E44DC09005E9082 /* 816-satellite-toolbar.png */ = {isa = PBXFileReference; lastKnownFileType = image.png; name = "816-satellite-toolbar.png"; path = "Assets/816-satellite-toolbar.png"; sourceTree = SOURCE_ROOT; };
		CEEF935E1E44E2CF005E9082 /* 724-info-toolbar.png */ = {isa = PBXFileReference; lastKnownFileType = image.png; name = "724-info-toolbar.png"; path = "Assets/724-info-toolbar.png"; sourceTree = SOURCE_ROOT; };
		CEEF93601E44EA21005E9082 /* HintViewController.h */ = {isa = PBXFileReference; fileEncoding = 4; lastKnownFileType = sourcecode.c.h; name = HintViewController.h; path = Classes/HintViewController.h; sourceTree = SOURCE_ROOT; };
		CEEF93611E44EA21005E9082 /* HintViewController.m */ = {isa = PBXFileReference; fileEncoding = 4; lastKnownFileType = sourcecode.c.objc; name = HintViewController.m; path = Classes/HintViewController.m; sourceTree = SOURCE_ROOT; };
		CEEF93631E44FCCF005E9082 /* toolbar_btn_bg.png */ = {isa = PBXFileReference; lastKnownFileType = image.png; name = toolbar_btn_bg.png; path = Assets/toolbar_btn_bg.png; sourceTree = SOURCE_ROOT; };
		CEEF93651E45DB3C005E9082 /* HalfSizePresentationController.h */ = {isa = PBXFileReference; fileEncoding = 4; lastKnownFileType = sourcecode.c.h; name = HalfSizePresentationController.h; path = Classes/HalfSizePresentationController.h; sourceTree = SOURCE_ROOT; };
		CEEF93661E45DB3C005E9082 /* HalfSizePresentationController.m */ = {isa = PBXFileReference; fileEncoding = 4; lastKnownFileType = sourcecode.c.objc; name = HalfSizePresentationController.m; path = Classes/HalfSizePresentationController.m; sourceTree = SOURCE_ROOT; };
		CEF1BE051E2E937B00385EA9 /* treasure-map.jpg */ = {isa = PBXFileReference; lastKnownFileType = image.jpeg; name = "treasure-map.jpg"; path = "Assets/treasure-map.jpg"; sourceTree = SOURCE_ROOT; };
		CEFCC8631E41FFDC008BAD7F /* ARQuestAppDelegate.h */ = {isa = PBXFileReference; fileEncoding = 4; lastKnownFileType = sourcecode.c.h; name = ARQuestAppDelegate.h; path = Classes/ARQuestAppDelegate.h; sourceTree = SOURCE_ROOT; };
		CEFCC8641E41FFDC008BAD7F /* ARQuestAppDelegate.m */ = {isa = PBXFileReference; fileEncoding = 4; lastKnownFileType = sourcecode.c.objc; name = ARQuestAppDelegate.m; path = Classes/ARQuestAppDelegate.m; sourceTree = SOURCE_ROOT; };
		CEFCC8681E421081008BAD7F /* SampleApplicationSession.h */ = {isa = PBXFileReference; fileEncoding = 4; lastKnownFileType = sourcecode.c.h; name = SampleApplicationSession.h; path = Classes/SampleApplicationSession.h; sourceTree = SOURCE_ROOT; };
		CEFCC8691E421081008BAD7F /* SampleApplicationSession.mm */ = {isa = PBXFileReference; fileEncoding = 4; lastKnownFileType = sourcecode.cpp.objcpp; name = SampleApplicationSession.mm; path = Classes/SampleApplicationSession.mm; sourceTree = SOURCE_ROOT; };
		CEFCC86B1E421290008BAD7F /* Magic_wand.mp3 */ = {isa = PBXFileReference; lastKnownFileType = audio.mp3; name = Magic_wand.mp3; path = Assets/Magic_wand.mp3; sourceTree = SOURCE_ROOT; };
		CEFCC86D1E4212BE008BAD7F /* IT.png */ = {isa = PBXFileReference; lastKnownFileType = image.png; name = IT.png; path = Assets/IT.png; sourceTree = SOURCE_ROOT; };
		CEFCC86F1E42136E008BAD7F /* main.m */ = {isa = PBXFileReference; fileEncoding = 4; lastKnownFileType = sourcecode.c.objc; path = main.m; sourceTree = SOURCE_ROOT; };
		CEFD4A171C4C046800CB0B27 /* Scene.h */ = {isa = PBXFileReference; fileEncoding = 4; lastKnownFileType = sourcecode.c.h; name = Scene.h; path = Classes/Scene.h; sourceTree = SOURCE_ROOT; };
		CEFD4A181C4C046800CB0B27 /* Scene.m */ = {isa = PBXFileReference; fileEncoding = 4; lastKnownFileType = sourcecode.c.objc; name = Scene.m; path = Classes/Scene.m; sourceTree = SOURCE_ROOT; };
		CEFD4A1D1C4C048500CB0B27 /* TourManager.h */ = {isa = PBXFileReference; fileEncoding = 4; lastKnownFileType = sourcecode.c.h; name = TourManager.h; path = Classes/TourManager.h; sourceTree = SOURCE_ROOT; };
		CEFD4A1E1C4C048500CB0B27 /* TourManager.m */ = {isa = PBXFileReference; fileEncoding = 4; lastKnownFileType = sourcecode.c.objc; name = TourManager.m; path = Classes/TourManager.m; sourceTree = SOURCE_ROOT; };
		CEFD4A201C4C057C00CB0B27 /* Light.h */ = {isa = PBXFileReference; fileEncoding = 4; lastKnownFileType = sourcecode.c.h; name = Light.h; path = Classes/Light.h; sourceTree = SOURCE_ROOT; };
		CEFD4A211C4C057C00CB0B27 /* Light.m */ = {isa = PBXFileReference; fileEncoding = 4; lastKnownFileType = sourcecode.c.objc; name = Light.m; path = Classes/Light.m; sourceTree = SOURCE_ROOT; };
		CEFD4A221C4C057C00CB0B27 /* Material.h */ = {isa = PBXFileReference; fileEncoding = 4; lastKnownFileType = sourcecode.c.h; name = Material.h; path = Classes/Material.h; sourceTree = SOURCE_ROOT; };
		CEFD4A231C4C057C00CB0B27 /* Material.m */ = {isa = PBXFileReference; fileEncoding = 4; lastKnownFileType = sourcecode.c.objc; name = Material.m; path = Classes/Material.m; sourceTree = SOURCE_ROOT; };
		CEFD4A261C4C059500CB0B27 /* Shader.h */ = {isa = PBXFileReference; fileEncoding = 4; lastKnownFileType = sourcecode.c.h; name = Shader.h; path = Classes/Shader.h; sourceTree = SOURCE_ROOT; };
		CEFD4A271C4C059500CB0B27 /* Shader.mm */ = {isa = PBXFileReference; fileEncoding = 4; lastKnownFileType = sourcecode.cpp.objcpp; name = Shader.mm; path = Classes/Shader.mm; sourceTree = SOURCE_ROOT; };
		CEFD4A291C4C05B000CB0B27 /* ShaderUtils.cpp */ = {isa = PBXFileReference; fileEncoding = 4; lastKnownFileType = sourcecode.cpp.cpp; name = ShaderUtils.cpp; path = Classes/ShaderUtils.cpp; sourceTree = SOURCE_ROOT; };
		CEFD4A2A1C4C05B000CB0B27 /* ShaderUtils.h */ = {isa = PBXFileReference; fileEncoding = 4; lastKnownFileType = sourcecode.c.h; name = ShaderUtils.h; path = Classes/ShaderUtils.h; sourceTree = SOURCE_ROOT; };
		CEFD4A2C1C4C05C400CB0B27 /* Object3D.h */ = {isa = PBXFileReference; fileEncoding = 4; lastKnownFileType = sourcecode.c.h; name = Object3D.h; path = Classes/Object3D.h; sourceTree = SOURCE_ROOT; };
		CEFD4A2D1C4C05C400CB0B27 /* Object3D.m */ = {isa = PBXFileReference; fileEncoding = 4; lastKnownFileType = sourcecode.c.objc; name = Object3D.m; path = Classes/Object3D.m; sourceTree = SOURCE_ROOT; };
		CEFD4A2F1C4C063C00CB0B27 /* FileManager.h */ = {isa = PBXFileReference; fileEncoding = 4; lastKnownFileType = sourcecode.c.h; name = FileManager.h; path = Classes/FileManager.h; sourceTree = SOURCE_ROOT; };
		CEFD4A301C4C063C00CB0B27 /* FileManager.m */ = {isa = PBXFileReference; fileEncoding = 4; lastKnownFileType = sourcecode.c.objc; name = FileManager.m; path = Classes/FileManager.m; sourceTree = SOURCE_ROOT; };
		CEFD4A321C4C082600CB0B27 /* LightShader.h */ = {isa = PBXFileReference; fileEncoding = 4; lastKnownFileType = sourcecode.c.h; name = LightShader.h; path = Classes/LightShader.h; sourceTree = SOURCE_ROOT; };
		CEFD4A331C4C082600CB0B27 /* LightShader.mm */ = {isa = PBXFileReference; fileEncoding = 4; lastKnownFileType = sourcecode.cpp.objcpp; name = LightShader.mm; path = Classes/LightShader.mm; sourceTree = SOURCE_ROOT; };
		CEFD4A351C4C086200CB0B27 /* MaterialShader.h */ = {isa = PBXFileReference; fileEncoding = 4; lastKnownFileType = sourcecode.c.h; name = MaterialShader.h; path = Classes/MaterialShader.h; sourceTree = SOURCE_ROOT; };
		CEFD4A361C4C086200CB0B27 /* MaterialShader.mm */ = {isa = PBXFileReference; fileEncoding = 4; lastKnownFileType = sourcecode.cpp.objcpp; name = MaterialShader.mm; path = Classes/MaterialShader.mm; sourceTree = SOURCE_ROOT; };
		CEFD4A381C4C08A100CB0B27 /* TextureShader.h */ = {isa = PBXFileReference; fileEncoding = 4; lastKnownFileType = sourcecode.c.h; name = TextureShader.h; path = Classes/TextureShader.h; sourceTree = SOURCE_ROOT; };
		CEFD4A391C4C08A100CB0B27 /* TextureShader.mm */ = {isa = PBXFileReference; fileEncoding = 4; lastKnownFileType = sourcecode.cpp.objcpp; name = TextureShader.mm; path = Classes/TextureShader.mm; sourceTree = SOURCE_ROOT; };
		CEFD4A3B1C4C08D900CB0B27 /* TextureLightShader.h */ = {isa = PBXFileReference; fileEncoding = 4; lastKnownFileType = sourcecode.c.h; name = TextureLightShader.h; path = Classes/TextureLightShader.h; sourceTree = SOURCE_ROOT; };
		CEFD4A3C1C4C08D900CB0B27 /* TextureLightShader.mm */ = {isa = PBXFileReference; fileEncoding = 4; lastKnownFileType = sourcecode.cpp.objcpp; name = TextureLightShader.mm; path = Classes/TextureLightShader.mm; sourceTree = SOURCE_ROOT; };
		CEFD4A3E1C4C0A2E00CB0B27 /* MtlFileParser.h */ = {isa = PBXFileReference; fileEncoding = 4; lastKnownFileType = sourcecode.c.h; name = MtlFileParser.h; path = Classes/MtlFileParser.h; sourceTree = SOURCE_ROOT; };
		CEFD4A3F1C4C0A2E00CB0B27 /* MtlFileParser.m */ = {isa = PBXFileReference; fileEncoding = 4; lastKnownFileType = sourcecode.c.objc; name = MtlFileParser.m; path = Classes/MtlFileParser.m; sourceTree = SOURCE_ROOT; };
		CEFD4A401C4C0A2E00CB0B27 /* MtlFileScanner.h */ = {isa = PBXFileReference; fileEncoding = 4; lastKnownFileType = sourcecode.c.h; name = MtlFileScanner.h; path = Classes/MtlFileScanner.h; sourceTree = SOURCE_ROOT; };
		CEFD4A411C4C0A2E00CB0B27 /* MtlFileScanner.m */ = {isa = PBXFileReference; fileEncoding = 4; lastKnownFileType = sourcecode.c.objc; name = MtlFileScanner.m; path = Classes/MtlFileScanner.m; sourceTree = SOURCE_ROOT; };
		CEFD4A441C4C0A4300CB0B27 /* ObjFileParser.h */ = {isa = PBXFileReference; fileEncoding = 4; lastKnownFileType = sourcecode.c.h; name = ObjFileParser.h; path = Classes/ObjFileParser.h; sourceTree = SOURCE_ROOT; };
		CEFD4A451C4C0A4300CB0B27 /* ObjFileParser.m */ = {isa = PBXFileReference; fileEncoding = 4; lastKnownFileType = sourcecode.c.objc; name = ObjFileParser.m; path = Classes/ObjFileParser.m; sourceTree = SOURCE_ROOT; };
		CEFD4A471C4C0A9400CB0B27 /* ObjFileScanner.h */ = {isa = PBXFileReference; fileEncoding = 4; lastKnownFileType = sourcecode.c.h; name = ObjFileScanner.h; path = Classes/ObjFileScanner.h; sourceTree = SOURCE_ROOT; };
		CEFD4A481C4C0A9400CB0B27 /* ObjFileScanner.m */ = {isa = PBXFileReference; fileEncoding = 4; lastKnownFileType = sourcecode.c.objc; name = ObjFileScanner.m; path = Classes/ObjFileScanner.m; sourceTree = SOURCE_ROOT; };
		CEFD4A491C4C0A9400CB0B27 /* Scanner.h */ = {isa = PBXFileReference; fileEncoding = 4; lastKnownFileType = sourcecode.c.h; name = Scanner.h; path = Classes/Scanner.h; sourceTree = SOURCE_ROOT; };
		CEFD4A4A1C4C0A9400CB0B27 /* Scanner.m */ = {isa = PBXFileReference; fileEncoding = 4; lastKnownFileType = sourcecode.c.objc; name = Scanner.m; path = Classes/Scanner.m; sourceTree = SOURCE_ROOT; };
		CEFD4A4D1C4C0AA800CB0B27 /* SymObject.h */ = {isa = PBXFileReference; fileEncoding = 4; lastKnownFileType = sourcecode.c.h; name = SymObject.h; path = Classes/SymObject.h; sourceTree = SOURCE_ROOT; };
		CEFD4A4E1C4C0AA800CB0B27 /* SymObject.m */ = {isa = PBXFileReference; fileEncoding = 4; lastKnownFileType = sourcecode.c.objc; name = SymObject.m; path = Classes/SymObject.m; sourceTree = SOURCE_ROOT; };
		CEFD4A4F1C4C0AA800CB0B27 /* SymTable.h */ = {isa = PBXFileReference; fileEncoding = 4; lastKnownFileType = sourcecode.c.h; name = SymTable.h; path = Classes/SymTable.h; sourceTree = SOURCE_ROOT; };
		CEFD4A501C4C0AA800CB0B27 /* SymTable.m */ = {isa = PBXFileReference; fileEncoding = 4; lastKnownFileType = sourcecode.c.objc; name = SymTable.m; path = Classes/SymTable.m; sourceTree = SOURCE_ROOT; };
		CEFD4A511C4C0AA800CB0B27 /* SyntaxError.h */ = {isa = PBXFileReference; fileEncoding = 4; lastKnownFileType = sourcecode.c.h; name = SyntaxError.h; path = Classes/SyntaxError.h; sourceTree = SOURCE_ROOT; };
		CEFD4A521C4C0AA800CB0B27 /* SyntaxError.m */ = {isa = PBXFileReference; fileEncoding = 4; lastKnownFileType = sourcecode.c.objc; name = SyntaxError.m; path = Classes/SyntaxError.m; sourceTree = SOURCE_ROOT; };
		CEFD4A561C4C0B3C00CB0B27 /* TextureLightShader.fsh */ = {isa = PBXFileReference; fileEncoding = 4; lastKnownFileType = sourcecode.glsl; name = TextureLightShader.fsh; path = Classes/Shaders/TextureLightShader.fsh; sourceTree = SOURCE_ROOT; };
		CEFD4A571C4C0B3C00CB0B27 /* TextureLightShader.vsh */ = {isa = PBXFileReference; fileEncoding = 4; lastKnownFileType = sourcecode.glsl; name = TextureLightShader.vsh; path = Classes/Shaders/TextureLightShader.vsh; sourceTree = SOURCE_ROOT; };
		CEFD4A5A1C4C0B6200CB0B27 /* TextureLightShader2.fsh */ = {isa = PBXFileReference; fileEncoding = 4; lastKnownFileType = sourcecode.glsl; name = TextureLightShader2.fsh; path = Classes/Shaders/TextureLightShader2.fsh; sourceTree = SOURCE_ROOT; };
		CEFD4A5B1C4C0B6200CB0B27 /* TextureLightShader2.vsh */ = {isa = PBXFileReference; fileEncoding = 4; lastKnownFileType = sourcecode.glsl; name = TextureLightShader2.vsh; path = Classes/Shaders/TextureLightShader2.vsh; sourceTree = SOURCE_ROOT; };
		CEFD4A5E1C4C0B9200CB0B27 /* TextureShader.fsh */ = {isa = PBXFileReference; fileEncoding = 4; lastKnownFileType = sourcecode.glsl; name = TextureShader.fsh; path = Classes/Shaders/TextureShader.fsh; sourceTree = SOURCE_ROOT; };
		CEFD4A601C4C0BA100CB0B27 /* TextureShader.vsh */ = {isa = PBXFileReference; fileEncoding = 4; lastKnownFileType = sourcecode.glsl; name = TextureShader.vsh; path = Classes/Shaders/TextureShader.vsh; sourceTree = SOURCE_ROOT; };
		CEFD4A621C4C0C2D00CB0B27 /* DepthMapShader.fsh */ = {isa = PBXFileReference; fileEncoding = 4; lastKnownFileType = sourcecode.glsl; name = DepthMapShader.fsh; path = Classes/Shaders/DepthMapShader.fsh; sourceTree = SOURCE_ROOT; };
		CEFD4A641C4C0C4300CB0B27 /* DepthMapShader.vsh */ = {isa = PBXFileReference; fileEncoding = 4; lastKnownFileType = sourcecode.glsl; name = DepthMapShader.vsh; path = Classes/Shaders/DepthMapShader.vsh; sourceTree = SOURCE_ROOT; };
		CEFF797D1E2CC8CC006D7F41 /* SceneViewController.m */ = {isa = PBXFileReference; fileEncoding = 4; lastKnownFileType = sourcecode.c.objc; name = SceneViewController.m; path = Classes/SceneViewController.m; sourceTree = SOURCE_ROOT; };
		CEFF79801E2CCA84006D7F41 /* SceneViewController.h */ = {isa = PBXFileReference; fileEncoding = 4; lastKnownFileType = sourcecode.c.h; name = SceneViewController.h; path = Classes/SceneViewController.h; sourceTree = SOURCE_ROOT; };
		CEFF79811E2CFBB4006D7F41 /* RiddleViewController.h */ = {isa = PBXFileReference; lastKnownFileType = sourcecode.c.h; name = RiddleViewController.h; path = Classes/RiddleViewController.h; sourceTree = SOURCE_ROOT; };
		CEFF79821E2CFBD0006D7F41 /* RiddleViewController.m */ = {isa = PBXFileReference; fileEncoding = 4; lastKnownFileType = sourcecode.c.objc; name = RiddleViewController.m; path = Classes/RiddleViewController.m; sourceTree = SOURCE_ROOT; };
		D21B07E61A1B4AA20041ECF3 /* AR-Quest.app */ = {isa = PBXFileReference; explicitFileType = wrapper.application; includeInIndex = 0; path = "AR-Quest.app"; sourceTree = BUILT_PRODUCTS_DIR; };
		D21B08691A1B6AD60041ECF3 /* AVFoundation.framework */ = {isa = PBXFileReference; lastKnownFileType = wrapper.framework; name = AVFoundation.framework; path = System/Library/Frameworks/AVFoundation.framework; sourceTree = SDKROOT; };
		D21B086A1A1B6AD60041ECF3 /* CoreFoundation.framework */ = {isa = PBXFileReference; lastKnownFileType = wrapper.framework; name = CoreFoundation.framework; path = System/Library/Frameworks/CoreFoundation.framework; sourceTree = SDKROOT; };
		D21B086B1A1B6AD60041ECF3 /* CoreGraphics.framework */ = {isa = PBXFileReference; lastKnownFileType = wrapper.framework; name = CoreGraphics.framework; path = System/Library/Frameworks/CoreGraphics.framework; sourceTree = SDKROOT; };
		D21B086C1A1B6AD60041ECF3 /* OpenGLES.framework */ = {isa = PBXFileReference; lastKnownFileType = wrapper.framework; name = OpenGLES.framework; path = System/Library/Frameworks/OpenGLES.framework; sourceTree = SDKROOT; };
		D21B086D1A1B6AD60041ECF3 /* QuartzCore.framework */ = {isa = PBXFileReference; lastKnownFileType = wrapper.framework; name = QuartzCore.framework; path = System/Library/Frameworks/QuartzCore.framework; sourceTree = SDKROOT; };
		D21B086E1A1B6AD60041ECF3 /* Security.framework */ = {isa = PBXFileReference; lastKnownFileType = wrapper.framework; name = Security.framework; path = System/Library/Frameworks/Security.framework; sourceTree = SDKROOT; };
		D21B086F1A1B6AD60041ECF3 /* SystemConfiguration.framework */ = {isa = PBXFileReference; lastKnownFileType = wrapper.framework; name = SystemConfiguration.framework; path = System/Library/Frameworks/SystemConfiguration.framework; sourceTree = SDKROOT; };
		D21B08701A1B6AD60041ECF3 /* UIKit.framework */ = {isa = PBXFileReference; lastKnownFileType = wrapper.framework; name = UIKit.framework; path = System/Library/Frameworks/UIKit.framework; sourceTree = SDKROOT; };
		D21B087C1A1B6E1E0041ECF3 /* CoreMotion.framework */ = {isa = PBXFileReference; lastKnownFileType = wrapper.framework; name = CoreMotion.framework; path = System/Library/Frameworks/CoreMotion.framework; sourceTree = SDKROOT; };
		D21B087D1A1B6E1E0041ECF3 /* Foundation.framework */ = {isa = PBXFileReference; lastKnownFileType = wrapper.framework; name = Foundation.framework; path = System/Library/Frameworks/Foundation.framework; sourceTree = SDKROOT; };
		D21B08801A1B71190041ECF3 /* CoreMedia.framework */ = {isa = PBXFileReference; lastKnownFileType = wrapper.framework; name = CoreMedia.framework; path = System/Library/Frameworks/CoreMedia.framework; sourceTree = SDKROOT; };
		D28C51231A8B5B8C000B6C9A /* MediaPlayer.framework */ = {isa = PBXFileReference; lastKnownFileType = wrapper.framework; name = MediaPlayer.framework; path = System/Library/Frameworks/MediaPlayer.framework; sourceTree = SDKROOT; };
		D28C51251A8B5BC9000B6C9A /* AudioToolbox.framework */ = {isa = PBXFileReference; lastKnownFileType = wrapper.framework; name = AudioToolbox.framework; path = System/Library/Frameworks/AudioToolbox.framework; sourceTree = SDKROOT; };
		DA0A88721EA360550048E662 /* GameStatus.h */ = {isa = PBXFileReference; fileEncoding = 4; lastKnownFileType = sourcecode.c.h; name = GameStatus.h; path = Classes/GameStatus.h; sourceTree = SOURCE_ROOT; };
		DA0A88731EA360550048E662 /* GameStatus.m */ = {isa = PBXFileReference; fileEncoding = 4; lastKnownFileType = sourcecode.c.objc; name = GameStatus.m; path = Classes/GameStatus.m; sourceTree = SOURCE_ROOT; };
		DA0A88751EA36A7F0048E662 /* CoreLocation.framework */ = {isa = PBXFileReference; lastKnownFileType = wrapper.framework; name = CoreLocation.framework; path = System/Library/Frameworks/CoreLocation.framework; sourceTree = SDKROOT; };
		DA2680871EA755F5006813DA /* de */ = {isa = PBXFileReference; lastKnownFileType = text.plist.strings; name = de; path = de.lproj/Localizable.strings; sourceTree = "<group>"; };
		DA2680891EA757C3006813DA /* en */ = {isa = PBXFileReference; lastKnownFileType = text.plist.strings; name = en; path = en.lproj/Localizable.strings; sourceTree = "<group>"; };
		DA73D3E41EAA46C700403F27 /* en */ = {isa = PBXFileReference; lastKnownFileType = file.storyboard; name = en; path = en.lproj/Main.storyboard; sourceTree = "<group>"; };
		DA7F7E6C1E6B220B00155C3B /* City.h */ = {isa = PBXFileReference; fileEncoding = 4; lastKnownFileType = sourcecode.c.h; name = City.h; path = Classes/City.h; sourceTree = SOURCE_ROOT; };
		DA7F7E6D1E6B220B00155C3B /* City.m */ = {isa = PBXFileReference; fileEncoding = 4; lastKnownFileType = sourcecode.c.objc; name = City.m; path = Classes/City.m; sourceTree = SOURCE_ROOT; };
		DAD8D3421E6DDD5F0027897E /* 816-satellite-toolbar@3x.png */ = {isa = PBXFileReference; lastKnownFileType = image.png; name = "816-satellite-toolbar@3x.png"; path = "Assets/816-satellite-toolbar@3x.png"; sourceTree = SOURCE_ROOT; };
		DAD8D3441E6DDD830027897E /* 816-satellite-toolbar-selected@3x.png */ = {isa = PBXFileReference; lastKnownFileType = image.png; name = "816-satellite-toolbar-selected@3x.png"; path = "Assets/816-satellite-toolbar-selected@3x.png"; sourceTree = SOURCE_ROOT; };
		DAD8D3461E6DDF1F0027897E /* 816-satellite-toolbar@2x.png */ = {isa = PBXFileReference; lastKnownFileType = image.png; name = "816-satellite-toolbar@2x.png"; path = "Assets/816-satellite-toolbar@2x.png"; sourceTree = SOURCE_ROOT; };
		DAD8D3481E6DE0510027897E /* 714-camera-toolbar-selected@3x.png */ = {isa = PBXFileReference; lastKnownFileType = image.png; name = "714-camera-toolbar-selected@3x.png"; path = "Assets/714-camera-toolbar-selected@3x.png"; sourceTree = SOURCE_ROOT; };
		DAD8D34A1E6DE0930027897E /* 714-camera-toolbar@3x.png */ = {isa = PBXFileReference; lastKnownFileType = image.png; name = "714-camera-toolbar@3x.png"; path = "Assets/714-camera-toolbar@3x.png"; sourceTree = SOURCE_ROOT; };
		DAD8D34C1E6DE0A50027897E /* 724-info-toolbar-selected@3x.png */ = {isa = PBXFileReference; lastKnownFileType = image.png; name = "724-info-toolbar-selected@3x.png"; path = "Assets/724-info-toolbar-selected@3x.png"; sourceTree = SOURCE_ROOT; };
		DAD8D34E1E6DE0B30027897E /* 724-info-toolbar@3x.png */ = {isa = PBXFileReference; lastKnownFileType = image.png; name = "724-info-toolbar@3x.png"; path = "Assets/724-info-toolbar@3x.png"; sourceTree = SOURCE_ROOT; };
		DAD8D3501E6DE1AD0027897E /* 714-camera-toolbar@2x.png */ = {isa = PBXFileReference; lastKnownFileType = image.png; name = "714-camera-toolbar@2x.png"; path = "Assets/714-camera-toolbar@2x.png"; sourceTree = SOURCE_ROOT; };
		DAD8D3521E6DE1C00027897E /* 724-info-toolbar@2x.png */ = {isa = PBXFileReference; lastKnownFileType = image.png; name = "724-info-toolbar@2x.png"; path = "Assets/724-info-toolbar@2x.png"; sourceTree = SOURCE_ROOT; };
		DAD8D3541E6DE2B40027897E /* 852-map-toolbar-selected@3x.png */ = {isa = PBXFileReference; lastKnownFileType = image.png; name = "852-map-toolbar-selected@3x.png"; path = "Assets/852-map-toolbar-selected@3x.png"; sourceTree = SOURCE_ROOT; };
		DAD8D3561E6DE2C60027897E /* 852-map-toolbar@2x.png */ = {isa = PBXFileReference; lastKnownFileType = image.png; name = "852-map-toolbar@2x.png"; path = "Assets/852-map-toolbar@2x.png"; sourceTree = SOURCE_ROOT; };
		DAD8D3571E6DE2C60027897E /* 852-map-toolbar@3x.png */ = {isa = PBXFileReference; lastKnownFileType = image.png; name = "852-map-toolbar@3x.png"; path = "Assets/852-map-toolbar@3x.png"; sourceTree = SOURCE_ROOT; };
		DAD8D35A1E6DE3010027897E /* 869-pin-toolbar@2x.png */ = {isa = PBXFileReference; lastKnownFileType = image.png; name = "869-pin-toolbar@2x.png"; path = "Assets/869-pin-toolbar@2x.png"; sourceTree = SOURCE_ROOT; };
		DAD8D35C1E6DE3320027897E /* 869-pin-toolbar-selected@3x.png */ = {isa = PBXFileReference; lastKnownFileType = image.png; name = "869-pin-toolbar-selected@3x.png"; path = "Assets/869-pin-toolbar-selected@3x.png"; sourceTree = SOURCE_ROOT; };
		DAD8D35E1E6DE3440027897E /* 869-pin-toolbar@3x.png */ = {isa = PBXFileReference; lastKnownFileType = image.png; name = "869-pin-toolbar@3x.png"; path = "Assets/869-pin-toolbar@3x.png"; sourceTree = SOURCE_ROOT; };
		DAD8D3601E6DE3B70027897E /* 734-chat-toolbar-selected@3x.png */ = {isa = PBXFileReference; lastKnownFileType = image.png; name = "734-chat-toolbar-selected@3x.png"; path = "Assets/734-chat-toolbar-selected@3x.png"; sourceTree = SOURCE_ROOT; };
		DAD8D3621E6DE3C20027897E /* 734-chat-toolbar@2x.png */ = {isa = PBXFileReference; lastKnownFileType = image.png; name = "734-chat-toolbar@2x.png"; path = "Assets/734-chat-toolbar@2x.png"; sourceTree = SOURCE_ROOT; };
		DAD8D3631E6DE3C20027897E /* 734-chat-toolbar@3x.png */ = {isa = PBXFileReference; lastKnownFileType = image.png; name = "734-chat-toolbar@3x.png"; path = "Assets/734-chat-toolbar@3x.png"; sourceTree = SOURCE_ROOT; };
		DAD8D3661E6DFD830027897E /* 869-pin-toolbar-selected@2x.png */ = {isa = PBXFileReference; lastKnownFileType = image.png; name = "869-pin-toolbar-selected@2x.png"; path = "Assets/869-pin-toolbar-selected@2x.png"; sourceTree = SOURCE_ROOT; };
		DAE5E2E91EA69988005151CF /* AdventureListViewCell.h */ = {isa = PBXFileReference; fileEncoding = 4; lastKnownFileType = sourcecode.c.h; name = AdventureListViewCell.h; path = Classes/AdventureListViewCell.h; sourceTree = SOURCE_ROOT; };
		DAE5E2EA1EA69988005151CF /* AdventureListViewCell.m */ = {isa = PBXFileReference; fileEncoding = 4; lastKnownFileType = sourcecode.c.objc; name = AdventureListViewCell.m; path = Classes/AdventureListViewCell.m; sourceTree = SOURCE_ROOT; };
/* End PBXFileReference section */

/* Begin PBXFrameworksBuildPhase section */
		D21B07E31A1B4AA20041ECF3 /* Frameworks */ = {
			isa = PBXFrameworksBuildPhase;
			buildActionMask = 2147483647;
			files = (
				DA0A88761EA36A7F0048E662 /* CoreLocation.framework in Frameworks */,
				D28C51261A8B5BC9000B6C9A /* AudioToolbox.framework in Frameworks */,
				CEC9D6E31C40FCC600CBB3E5 /* libVuforia.a in Frameworks */,
				D21B08711A1B6AD60041ECF3 /* AVFoundation.framework in Frameworks */,
				D21B08811A1B71190041ECF3 /* CoreMedia.framework in Frameworks */,
				D21B087E1A1B6E1E0041ECF3 /* CoreMotion.framework in Frameworks */,
				D21B08721A1B6AD60041ECF3 /* CoreFoundation.framework in Frameworks */,
				D21B08731A1B6AD60041ECF3 /* CoreGraphics.framework in Frameworks */,
				CEAFEECB1E3FE9120089749B /* MapKit.framework in Frameworks */,
				D21B087F1A1B6E1E0041ECF3 /* Foundation.framework in Frameworks */,
				D28C51241A8B5B8C000B6C9A /* MediaPlayer.framework in Frameworks */,
				D21B08741A1B6AD60041ECF3 /* OpenGLES.framework in Frameworks */,
				D21B08751A1B6AD60041ECF3 /* QuartzCore.framework in Frameworks */,
				D21B08761A1B6AD60041ECF3 /* Security.framework in Frameworks */,
				D21B08771A1B6AD60041ECF3 /* SystemConfiguration.framework in Frameworks */,
				D21B08781A1B6AD60041ECF3 /* UIKit.framework in Frameworks */,
			);
			runOnlyForDeploymentPostprocessing = 0;
		};
/* End PBXFrameworksBuildPhase section */

/* Begin PBXGroup section */
		CE363D061C4F9A4900828DC9 /* Controllers */ = {
			isa = PBXGroup;
			children = (
				CEAFEEC41E3F39700089749B /* ARGameViewController.h */,
				CEAFEEC51E3F39700089749B /* ARGameViewController.m */,
				CEAFEEC11E3E6F290089749B /* AppNavigationController.h */,
				CEAFEEC21E3E6F290089749B /* AppNavigationController.m */,
				CE363D071C4F9B2100828DC9 /* AppAboutViewController.h */,
				CE363D081C4F9B2100828DC9 /* AppAboutViewController.m */,
				CE363D0A1C539D6300828DC9 /* AdventureListViewController.h */,
				CE363D0B1C539D6300828DC9 /* AdventureListViewController.m */,
				DAE5E2E91EA69988005151CF /* AdventureListViewCell.h */,
				DAE5E2EA1EA69988005151CF /* AdventureListViewCell.m */,
				CEE502211E31F6A10046A06E /* AdventureDetailViewController.h */,
				CEE502221E31F6A10046A06E /* AdventureDetailViewController.m */,
				CE363D0D1C539DB800828DC9 /* StoryViewController.h */,
				CE363D0E1C539DB800828DC9 /* StoryViewController.m */,
				CEFF79801E2CCA84006D7F41 /* SceneViewController.h */,
				CEFF797D1E2CC8CC006D7F41 /* SceneViewController.m */,
				CE363D101C539DEC00828DC9 /* SceneMapViewController.h */,
				CE363D111C539DEC00828DC9 /* SceneMapViewController.mm */,
				CE6DAC221C57B58D00DF50B7 /* ImageTargetsViewController.h */,
				CE6DAC231C57B58D00DF50B7 /* ImageTargetsViewController.mm */,
				CEFF79811E2CFBB4006D7F41 /* RiddleViewController.h */,
				CEFF79821E2CFBD0006D7F41 /* RiddleViewController.m */,
				CEEF93601E44EA21005E9082 /* HintViewController.h */,
				CEEF93611E44EA21005E9082 /* HintViewController.m */,
			);
			name = Controllers;
			sourceTree = "<group>";
		};
		CEC534181C4136EF0072AD18 /* 3D Model */ = {
			isa = PBXGroup;
			children = (
				CEEEF1301E22647900040365 /* OglObject.h */,
				CEEEF12E1E22644200040365 /* OglObject.m */,
				CEFD4A201C4C057C00CB0B27 /* Light.h */,
				CEFD4A211C4C057C00CB0B27 /* Light.m */,
				CEFD4A221C4C057C00CB0B27 /* Material.h */,
				CEFD4A231C4C057C00CB0B27 /* Material.m */,
				CEFD4A261C4C059500CB0B27 /* Shader.h */,
				CEFD4A271C4C059500CB0B27 /* Shader.mm */,
				CEFD4A2A1C4C05B000CB0B27 /* ShaderUtils.h */,
				CEFD4A291C4C05B000CB0B27 /* ShaderUtils.cpp */,
				CEFD4A321C4C082600CB0B27 /* LightShader.h */,
				CEFD4A331C4C082600CB0B27 /* LightShader.mm */,
				CEC13F8C1C4D763A004231EC /* DepthMapShader.h */,
				CEC13F8D1C4D763A004231EC /* DepthMapShader.mm */,
				CEFD4A351C4C086200CB0B27 /* MaterialShader.h */,
				CEFD4A361C4C086200CB0B27 /* MaterialShader.mm */,
				CE5758A21E4647B50025B9FA /* Texture.h */,
				CE5758A31E4647B50025B9FA /* Texture.mm */,
				CEFD4A381C4C08A100CB0B27 /* TextureShader.h */,
				CEFD4A391C4C08A100CB0B27 /* TextureShader.mm */,
				CEFD4A3B1C4C08D900CB0B27 /* TextureLightShader.h */,
				CEFD4A3C1C4C08D900CB0B27 /* TextureLightShader.mm */,
				CE7BDC9F1E3DF83E0011EE9C /* ClipPlaneShader.h */,
				CE7BDC9D1E3DEF2E0011EE9C /* ClipPlaneShader.mm */,
			);
			name = "3D Model";
			sourceTree = "<group>";
		};
		CEC534191C4136F70072AD18 /* ObjFileParser */ = {
			isa = PBXGroup;
			children = (
				CEFD4A4D1C4C0AA800CB0B27 /* SymObject.h */,
				CEFD4A4E1C4C0AA800CB0B27 /* SymObject.m */,
				CEFD4A4F1C4C0AA800CB0B27 /* SymTable.h */,
				CEFD4A501C4C0AA800CB0B27 /* SymTable.m */,
				CEFD4A511C4C0AA800CB0B27 /* SyntaxError.h */,
				CEFD4A521C4C0AA800CB0B27 /* SyntaxError.m */,
				CE7EBC0F1E3611A6009DAF90 /* SemanticError.h */,
				CE7EBC101E3611A6009DAF90 /* SemanticError.m */,
				CEFD4A491C4C0A9400CB0B27 /* Scanner.h */,
				CEFD4A4A1C4C0A9400CB0B27 /* Scanner.m */,
				CEFD4A471C4C0A9400CB0B27 /* ObjFileScanner.h */,
				CEFD4A481C4C0A9400CB0B27 /* ObjFileScanner.m */,
				CEFD4A441C4C0A4300CB0B27 /* ObjFileParser.h */,
				CEFD4A451C4C0A4300CB0B27 /* ObjFileParser.m */,
				CEFD4A401C4C0A2E00CB0B27 /* MtlFileScanner.h */,
				CEFD4A411C4C0A2E00CB0B27 /* MtlFileScanner.m */,
				CEFD4A3E1C4C0A2E00CB0B27 /* MtlFileParser.h */,
				CEFD4A3F1C4C0A2E00CB0B27 /* MtlFileParser.m */,
			);
			name = ObjFileParser;
			sourceTree = "<group>";
		};
		CEC534501C414AAE0072AD18 /* Shaders */ = {
			isa = PBXGroup;
			children = (
				CEC534AB1C452A750072AD18 /* MaterialShader.vsh */,
				CEC534AA1C452A750072AD18 /* MaterialShader.fsh */,
				CEFD4A601C4C0BA100CB0B27 /* TextureShader.vsh */,
				CEFD4A5E1C4C0B9200CB0B27 /* TextureShader.fsh */,
				CEFD4A571C4C0B3C00CB0B27 /* TextureLightShader.vsh */,
				CEFD4A561C4C0B3C00CB0B27 /* TextureLightShader.fsh */,
				CE7BDC961E3DDE0A0011EE9C /* ClipPlaneShader.vsh */,
				CE7BDC941E3DDDE80011EE9C /* ClipPlaneShader.fsh */,
				CEFD4A5B1C4C0B6200CB0B27 /* TextureLightShader2.vsh */,
				CEFD4A5A1C4C0B6200CB0B27 /* TextureLightShader2.fsh */,
				CEFD4A641C4C0C4300CB0B27 /* DepthMapShader.vsh */,
				CEFD4A621C4C0C2D00CB0B27 /* DepthMapShader.fsh */,
				CEEF93581E448BC3005E9082 /* SphericalHarmonicShader.vsh */,
				CEEF935A1E44A07D005E9082 /* SphericalHarmonicShader.fsh */,
			);
			name = Shaders;
			sourceTree = "<group>";
		};
		CEC534911C43FB1F0072AD18 /* Adventure */ = {
			isa = PBXGroup;
			children = (
				CE53637B1CE5FBDB000BAC25 /* ARObject.h */,
				CE5363791CE5FB1C000BAC25 /* ARObject.m */,
				DA0A88721EA360550048E662 /* GameStatus.h */,
				DA0A88731EA360550048E662 /* GameStatus.m */,
				CE53637D1CE5FCE5000BAC25 /* NamedObject.h */,
				CE53637E1CE5FD58000BAC25 /* NamedObject.m */,
				CE363CFE1C4F669000828DC9 /* Adventure.h */,
				CE363CFF1C4F671500828DC9 /* Adventure.m */,
				CE363D011C4F67C000828DC9 /* Story.h */,
				CE363D021C4F681700828DC9 /* Story.m */,
				CEFD4A171C4C046800CB0B27 /* Scene.h */,
				CEFD4A181C4C046800CB0B27 /* Scene.m */,
				DA7F7E6C1E6B220B00155C3B /* City.h */,
				DA7F7E6D1E6B220B00155C3B /* City.m */,
				CE5363801CE60A8E000BAC25 /* Cache.h */,
				CE5363811CE60C5A000BAC25 /* Cache.m */,
				CEB247021C633B5300BA9A3A /* Riddle.h */,
				CEB247031C633BFE00BA9A3A /* Riddle.m */,
				CEB246FF1C62029400BA9A3A /* File.h */,
				CEB247001C62030D00BA9A3A /* File.m */,
				CEFD4A2C1C4C05C400CB0B27 /* Object3D.h */,
				CEFD4A2D1C4C05C400CB0B27 /* Object3D.m */,
				CEFD4A1D1C4C048500CB0B27 /* TourManager.h */,
				CEFD4A1E1C4C048500CB0B27 /* TourManager.m */,
			);
			name = Adventure;
			sourceTree = "<group>";
		};
		CED6E7C61E2E550F0037991E /* Utilities */ = {
			isa = PBXGroup;
			children = (
				CED6E7C71E2E552E0037991E /* NSString+HTML.h */,
				CED6E7C81E2E55640037991E /* NSString+HTML.m */,
				CE5C4A391E34B90B00E2CFE7 /* ActivityIndicatorView.h */,
				CE5C4A3A1E34B90B00E2CFE7 /* ActivityIndicatorView.m */,
				CEFD4A2F1C4C063C00CB0B27 /* FileManager.h */,
				CEFD4A301C4C063C00CB0B27 /* FileManager.m */,
				CEEF93651E45DB3C005E9082 /* HalfSizePresentationController.h */,
				CEEF93661E45DB3C005E9082 /* HalfSizePresentationController.m */,
			);
			name = Utilities;
			sourceTree = "<group>";
		};
		D21B07DD1A1B4AA10041ECF3 = {
			isa = PBXGroup;
			children = (
				D21B087B1A1B6C710041ECF3 /* Frameworks */,
				DA2680831EA7542B006813DA /* Main.storyboard */,
				CE5758A61E464A1B0025B9FA /* Launch.storyboard */,
				D21B07E81A1B4AA20041ECF3 /* AR-Quest Classes */,
				D21B07E71A1B4AA20041ECF3 /* Products */,
			);
			sourceTree = "<group>";
		};
		D21B07E71A1B4AA20041ECF3 /* Products */ = {
			isa = PBXGroup;
			children = (
				D21B07E61A1B4AA20041ECF3 /* AR-Quest.app */,
			);
			name = Products;
			sourceTree = "<group>";
		};
		D21B07E81A1B4AA20041ECF3 /* AR-Quest Classes */ = {
			isa = PBXGroup;
			children = (
				D21B08111A1B4C500041ECF3 /* Classes */,
				D21B08151A1B4D2A0041ECF3 /* Resources */,
				CE5758A01E4634800025B9FA /* Images.xcassets */,
				D21B07E91A1B4AA20041ECF3 /* Supporting Files */,
			);
			name = "AR-Quest Classes";
			path = VuforiaSamples;
			sourceTree = "<group>";
		};
		D21B07E91A1B4AA20041ECF3 /* Supporting Files */ = {
			isa = PBXGroup;
			children = (
				DA2680881EA755F5006813DA /* Localizable.strings */,
				CEFCC86F1E42136E008BAD7F /* main.m */,
				CE7EBC291E38BED2009DAF90 /* AR-Quest-Info.plist */,
			);
			name = "Supporting Files";
			sourceTree = "<group>";
		};
		D21B08111A1B4C500041ECF3 /* Classes */ = {
			isa = PBXGroup;
			children = (
				CED6E7C61E2E550F0037991E /* Utilities */,
				CEC534911C43FB1F0072AD18 /* Adventure */,
				CEC534181C4136EF0072AD18 /* 3D Model */,
				CEC534191C4136F70072AD18 /* ObjFileParser */,
				CEC534501C414AAE0072AD18 /* Shaders */,
				CE363D061C4F9A4900828DC9 /* Controllers */,
				FB7A42E61A8E32BE0068CF5E /* ImageTargets */,
				D21B08131A1B4C6A0041ECF3 /* Application */,
			);
			name = Classes;
			sourceTree = "<group>";
		};
		D21B08131A1B4C6A0041ECF3 /* Application */ = {
			isa = PBXGroup;
			children = (
				CEFCC8631E41FFDC008BAD7F /* ARQuestAppDelegate.h */,
				CEFCC8641E41FFDC008BAD7F /* ARQuestAppDelegate.m */,
				CE5758A51E4648300025B9FA /* SampleGLResourceHandler.h */,
				CEFCC8681E421081008BAD7F /* SampleApplicationSession.h */,
				CEFCC8691E421081008BAD7F /* SampleApplicationSession.mm */,
			);
			name = Application;
			sourceTree = "<group>";
		};
		D21B08151A1B4D2A0041ECF3 /* Resources */ = {
			isa = PBXGroup;
			children = (
				CEFCC86B1E421290008BAD7F /* Magic_wand.mp3 */,
				D21B08161A1B4D320041ECF3 /* Assets */,
			);
			name = Resources;
			sourceTree = "<group>";
		};
		D21B08161A1B4D320041ECF3 /* Assets */ = {
			isa = PBXGroup;
			children = (
				CEEF93631E44FCCF005E9082 /* toolbar_btn_bg.png */,
				CE7EBC261E38A1FC009DAF90 /* 714-camera-toolbar.png */,
				DAD8D3501E6DE1AD0027897E /* 714-camera-toolbar@2x.png */,
				DAD8D34A1E6DE0930027897E /* 714-camera-toolbar@3x.png */,
				DAD8D3481E6DE0510027897E /* 714-camera-toolbar-selected@3x.png */,
				CEEF935E1E44E2CF005E9082 /* 724-info-toolbar.png */,
				DAD8D3521E6DE1C00027897E /* 724-info-toolbar@2x.png */,
				DAD8D34E1E6DE0B30027897E /* 724-info-toolbar@3x.png */,
				DAD8D34C1E6DE0A50027897E /* 724-info-toolbar-selected@3x.png */,
				CE7EBC221E389FF7009DAF90 /* 734-chat-toolbar.png */,
				DAD8D3621E6DE3C20027897E /* 734-chat-toolbar@2x.png */,
				DAD8D3631E6DE3C20027897E /* 734-chat-toolbar@3x.png */,
				DAD8D3601E6DE3B70027897E /* 734-chat-toolbar-selected@3x.png */,
				CEEF935C1E44DC09005E9082 /* 816-satellite-toolbar.png */,
				DAD8D3461E6DDF1F0027897E /* 816-satellite-toolbar@2x.png */,
				DAD8D3421E6DDD5F0027897E /* 816-satellite-toolbar@3x.png */,
				DAD8D3441E6DDD830027897E /* 816-satellite-toolbar-selected@3x.png */,
				CE7BDC921E3CF65D0011EE9C /* 869-pin-toolbar.png */,
				DAD8D35A1E6DE3010027897E /* 869-pin-toolbar@2x.png */,
				DAD8D35E1E6DE3440027897E /* 869-pin-toolbar@3x.png */,
				DAD8D3661E6DFD830027897E /* 869-pin-toolbar-selected@2x.png */,
				DAD8D35C1E6DE3320027897E /* 869-pin-toolbar-selected@3x.png */,
				CE7EBC241E38A11F009DAF90 /* 852-map-toolbar.png */,
				DAD8D3561E6DE2C60027897E /* 852-map-toolbar@2x.png */,
				DAD8D3571E6DE2C60027897E /* 852-map-toolbar@3x.png */,
				DAD8D3541E6DE2B40027897E /* 852-map-toolbar-selected@3x.png */,
				CEFCC86D1E4212BE008BAD7F /* IT.png */,
				CEE502241E32646B0046A06E /* treasure-chest-icon.png */,
				CEB18A561C5CE23F00996647 /* red-wood.jpg */,
				CEB18A581C5CED4D00996647 /* pergament-paper.jpg */,
				CED6E7C41E2E18000037991E /* open-book-icon.png */,
				CED6E7C21E2E0F050037991E /* question-mark-icon.png */,
				CEF1BE051E2E937B00385EA9 /* treasure-map.jpg */,
				CE57589C1E4613BD0025B9FA /* treasure-map-launch-img.jpg */,
				CE7BDC901E3CA5ED0011EE9C /* treasure-map-icon-32.png */,
				CED6E7C01E2E0CF30037991E /* treasure-map-icon.png */,
			);
			name = Assets;
			sourceTree = "<group>";
		};
		D21B087B1A1B6C710041ECF3 /* Frameworks */ = {
			isa = PBXGroup;
			children = (
				DA0A88751EA36A7F0048E662 /* CoreLocation.framework */,
				CEAFEECA1E3FE9120089749B /* MapKit.framework */,
				CEC9D6E21C40FCC600CBB3E5 /* libVuforia.a */,
				D28C51251A8B5BC9000B6C9A /* AudioToolbox.framework */,
				D28C51231A8B5B8C000B6C9A /* MediaPlayer.framework */,
				D21B08801A1B71190041ECF3 /* CoreMedia.framework */,
				D21B087C1A1B6E1E0041ECF3 /* CoreMotion.framework */,
				D21B087D1A1B6E1E0041ECF3 /* Foundation.framework */,
				D21B08691A1B6AD60041ECF3 /* AVFoundation.framework */,
				D21B086A1A1B6AD60041ECF3 /* CoreFoundation.framework */,
				D21B086B1A1B6AD60041ECF3 /* CoreGraphics.framework */,
				D21B086C1A1B6AD60041ECF3 /* OpenGLES.framework */,
				D21B086D1A1B6AD60041ECF3 /* QuartzCore.framework */,
				D21B086E1A1B6AD60041ECF3 /* Security.framework */,
				D21B086F1A1B6AD60041ECF3 /* SystemConfiguration.framework */,
				D21B08701A1B6AD60041ECF3 /* UIKit.framework */,
			);
			name = Frameworks;
			sourceTree = "<group>";
		};
		FB7A42E61A8E32BE0068CF5E /* ImageTargets */ = {
			isa = PBXGroup;
			children = (
				CE7BDC8B1E3BD79C0011EE9C /* ImageTargetsEAGLView.h */,
				CE7BDC8C1E3BD79C0011EE9C /* ImageTargetsEAGLView.mm */,
			);
			name = ImageTargets;
			sourceTree = "<group>";
		};
/* End PBXGroup section */

/* Begin PBXNativeTarget section */
		D21B07E51A1B4AA20041ECF3 /* AR-Quest */ = {
			isa = PBXNativeTarget;
			buildConfigurationList = D21B08091A1B4AA20041ECF3 /* Build configuration list for PBXNativeTarget "AR-Quest" */;
			buildPhases = (
				D21B07E21A1B4AA20041ECF3 /* Sources */,
				D21B07E31A1B4AA20041ECF3 /* Frameworks */,
				D21B07E41A1B4AA20041ECF3 /* Resources */,
			);
			buildRules = (
			);
			dependencies = (
			);
			name = "AR-Quest";
			productName = VuforiaSamples;
			productReference = D21B07E61A1B4AA20041ECF3 /* AR-Quest.app */;
			productType = "com.apple.product-type.application";
		};
/* End PBXNativeTarget section */

/* Begin PBXProject section */
		D21B07DE1A1B4AA10041ECF3 /* Project object */ = {
			isa = PBXProject;
			attributes = {
				LastUpgradeCheck = 0820;
				ORGANIZATIONNAME = Voxatec;
				TargetAttributes = {
					D21B07E51A1B4AA20041ECF3 = {
						CreatedOnToolsVersion = 6.1;
						DevelopmentTeam = 7WH459L33L;
						ProvisioningStyle = Automatic;
						SystemCapabilities = {
							com.apple.Maps.iOS = {
								enabled = 1;
							};
						};
					};
				};
			};
			buildConfigurationList = D21B07E11A1B4AA10041ECF3 /* Build configuration list for PBXProject "AR-Quest" */;
			compatibilityVersion = "Xcode 3.2";
			developmentRegion = English;
			hasScannedForEncodings = 0;
			knownRegions = (
				en,
				Base,
			);
			mainGroup = D21B07DD1A1B4AA10041ECF3;
			productRefGroup = D21B07E71A1B4AA20041ECF3 /* Products */;
			projectDirPath = "";
			projectRoot = "";
			targets = (
				D21B07E51A1B4AA20041ECF3 /* AR-Quest */,
			);
		};
/* End PBXProject section */

/* Begin PBXResourcesBuildPhase section */
		D21B07E41A1B4AA20041ECF3 /* Resources */ = {
			isa = PBXResourcesBuildPhase;
			buildActionMask = 2147483647;
			files = (
				DA73D3E31EA759B600403F27 /* Main.storyboard in Resources */,
				CEFD4A5F1C4C0B9200CB0B27 /* TextureShader.fsh in Resources */,
				CEC534AC1C452A750072AD18 /* MaterialShader.fsh in Resources */,
				DAD8D3531E6DE1C00027897E /* 724-info-toolbar@2x.png in Resources */,
				DAD8D3431E6DDD5F0027897E /* 816-satellite-toolbar@3x.png in Resources */,
				CEEF935B1E44A07D005E9082 /* SphericalHarmonicShader.fsh in Resources */,
				CEFD4A5D1C4C0B6200CB0B27 /* TextureLightShader2.vsh in Resources */,
				CEFD4A651C4C0C4300CB0B27 /* DepthMapShader.vsh in Resources */,
				DAD8D35F1E6DE3440027897E /* 869-pin-toolbar@3x.png in Resources */,
				CEEF935F1E44E2CF005E9082 /* 724-info-toolbar.png in Resources */,
				CEEF93641E44FCCF005E9082 /* toolbar_btn_bg.png in Resources */,
				DAD8D3491E6DE0510027897E /* 714-camera-toolbar-selected@3x.png in Resources */,
				DAD8D3471E6DDF1F0027897E /* 816-satellite-toolbar@2x.png in Resources */,
				CEB18A591C5CED4D00996647 /* pergament-paper.jpg in Resources */,
				CEFD4A5C1C4C0B6200CB0B27 /* TextureLightShader2.fsh in Resources */,
				CE5758A11E4634800025B9FA /* Images.xcassets in Resources */,
				CE57589D1E4613BD0025B9FA /* treasure-map-launch-img.jpg in Resources */,
				CEC534AD1C452A750072AD18 /* MaterialShader.vsh in Resources */,
				CED6E7C31E2E0F050037991E /* question-mark-icon.png in Resources */,
				CE5758A71E464A1B0025B9FA /* Launch.storyboard in Resources */,
				DAD8D3581E6DE2C60027897E /* 852-map-toolbar@2x.png in Resources */,
				CED6E7C51E2E18000037991E /* open-book-icon.png in Resources */,
				DA2680861EA755F5006813DA /* Localizable.strings in Resources */,
				DAD8D35D1E6DE3320027897E /* 869-pin-toolbar-selected@3x.png in Resources */,
				DAD8D3551E6DE2B40027897E /* 852-map-toolbar-selected@3x.png in Resources */,
				DAD8D3451E6DDD830027897E /* 816-satellite-toolbar-selected@3x.png in Resources */,
				DAD8D35B1E6DE3010027897E /* 869-pin-toolbar@2x.png in Resources */,
				CE7EBC231E389FF7009DAF90 /* 734-chat-toolbar.png in Resources */,
				CEF1BE061E2E937B00385EA9 /* treasure-map.jpg in Resources */,
				CE7BDC951E3DDDE80011EE9C /* ClipPlaneShader.fsh in Resources */,
				CEFD4A591C4C0B3C00CB0B27 /* TextureLightShader.vsh in Resources */,
				CED6E7C11E2E0CF30037991E /* treasure-map-icon.png in Resources */,
				CEE502251E32646B0046A06E /* treasure-chest-icon.png in Resources */,
				DAD8D3591E6DE2C60027897E /* 852-map-toolbar@3x.png in Resources */,
				DAD8D34B1E6DE0930027897E /* 714-camera-toolbar@3x.png in Resources */,
				CE7BDC911E3CA5ED0011EE9C /* treasure-map-icon-32.png in Resources */,
				DAD8D34F1E6DE0B30027897E /* 724-info-toolbar@3x.png in Resources */,
				CEFD4A631C4C0C2D00CB0B27 /* DepthMapShader.fsh in Resources */,
				DAD8D3611E6DE3B70027897E /* 734-chat-toolbar-selected@3x.png in Resources */,
				CEFCC86E1E4212BE008BAD7F /* IT.png in Resources */,
				DAD8D3671E6DFD830027897E /* 869-pin-toolbar-selected@2x.png in Resources */,
				CE7BDC931E3CF65D0011EE9C /* 869-pin-toolbar.png in Resources */,
				DAD8D3641E6DE3C20027897E /* 734-chat-toolbar@2x.png in Resources */,
				DAD8D3651E6DE3C20027897E /* 734-chat-toolbar@3x.png in Resources */,
				CE7EBC271E38A1FC009DAF90 /* 714-camera-toolbar.png in Resources */,
				CEFD4A611C4C0BA100CB0B27 /* TextureShader.vsh in Resources */,
				CE7EBC251E38A11F009DAF90 /* 852-map-toolbar.png in Resources */,
				DAD8D3511E6DE1AD0027897E /* 714-camera-toolbar@2x.png in Resources */,
				CEFCC86C1E421290008BAD7F /* Magic_wand.mp3 in Resources */,
				CEFD4A581C4C0B3C00CB0B27 /* TextureLightShader.fsh in Resources */,
				CE7BDC971E3DDE0A0011EE9C /* ClipPlaneShader.vsh in Resources */,
				CEEF93591E448BC3005E9082 /* SphericalHarmonicShader.vsh in Resources */,
				CEB18A571C5CE23F00996647 /* red-wood.jpg in Resources */,
				DAD8D34D1E6DE0A50027897E /* 724-info-toolbar-selected@3x.png in Resources */,
				CEEF935D1E44DC09005E9082 /* 816-satellite-toolbar.png in Resources */,
			);
			runOnlyForDeploymentPostprocessing = 0;
		};
/* End PBXResourcesBuildPhase section */

/* Begin PBXSourcesBuildPhase section */
		D21B07E21A1B4AA20041ECF3 /* Sources */ = {
			isa = PBXSourcesBuildPhase;
			buildActionMask = 2147483647;
			files = (
				CE5C4A3B1E34B90B00E2CFE7 /* ActivityIndicatorView.m in Sources */,
				CE363D0C1C539D6300828DC9 /* AdventureListViewController.m in Sources */,
				CEFD4A3D1C4C08D900CB0B27 /* TextureLightShader.mm in Sources */,
				CEFF797E1E2CC8CC006D7F41 /* SceneViewController.m in Sources */,
				CEAFEEC31E3E6F290089749B /* AppNavigationController.m in Sources */,
				CEFD4A4C1C4C0A9400CB0B27 /* Scanner.m in Sources */,
				CEFD4A251C4C057C00CB0B27 /* Material.m in Sources */,
				CEFCC86A1E421081008BAD7F /* SampleApplicationSession.mm in Sources */,
				CEFD4A531C4C0AA800CB0B27 /* SymObject.m in Sources */,
				CE7BDC8D1E3BD79C0011EE9C /* ImageTargetsEAGLView.mm in Sources */,
				CEB247041C633BFE00BA9A3A /* Riddle.m in Sources */,
				CEFCC8651E41FFDC008BAD7F /* ARQuestAppDelegate.m in Sources */,
				CEFD4A2E1C4C05C400CB0B27 /* Object3D.m in Sources */,
				DA0A88741EA360550048E662 /* GameStatus.m in Sources */,
				CE363D121C539DEC00828DC9 /* SceneMapViewController.mm in Sources */,
				CEFD4A541C4C0AA800CB0B27 /* SymTable.m in Sources */,
				CE53637F1CE5FD58000BAC25 /* NamedObject.m in Sources */,
				CEFD4A421C4C0A2E00CB0B27 /* MtlFileParser.m in Sources */,
				DA7F7E6E1E6B220B00155C3B /* City.m in Sources */,
				CEAFEEC61E3F39700089749B /* ARGameViewController.m in Sources */,
				CEFD4A341C4C082600CB0B27 /* LightShader.mm in Sources */,
				CED6E7C91E2E55640037991E /* NSString+HTML.m in Sources */,
				CE363D0F1C539DB800828DC9 /* StoryViewController.m in Sources */,
				CEFCC8701E42136E008BAD7F /* main.m in Sources */,
				CE7EBC111E3611A6009DAF90 /* SemanticError.m in Sources */,
				CEFD4A281C4C059500CB0B27 /* Shader.mm in Sources */,
				CEE502231E31F6A10046A06E /* AdventureDetailViewController.m in Sources */,
				CEEF93671E45DB3C005E9082 /* HalfSizePresentationController.m in Sources */,
				CEB247011C62030D00BA9A3A /* File.m in Sources */,
				DAE5E2EB1EA69988005151CF /* AdventureListViewCell.m in Sources */,
				CEFD4A3A1C4C08A100CB0B27 /* TextureShader.mm in Sources */,
				CEEEF12F1E22644200040365 /* OglObject.m in Sources */,
				CEFD4A1F1C4C048500CB0B27 /* TourManager.m in Sources */,
				CEFD4A371C4C086200CB0B27 /* MaterialShader.mm in Sources */,
				CE5758A41E4647B50025B9FA /* Texture.mm in Sources */,
				CEFF79831E2CFBD0006D7F41 /* RiddleViewController.m in Sources */,
				CE6DAC241C57B58D00DF50B7 /* ImageTargetsViewController.mm in Sources */,
				CEFD4A1B1C4C046800CB0B27 /* Scene.m in Sources */,
				CE363D031C4F681700828DC9 /* Story.m in Sources */,
				CEFD4A4B1C4C0A9400CB0B27 /* ObjFileScanner.m in Sources */,
				CE363D001C4F671500828DC9 /* Adventure.m in Sources */,
				CEFD4A551C4C0AA800CB0B27 /* SyntaxError.m in Sources */,
				CEFD4A241C4C057C00CB0B27 /* Light.m in Sources */,
				CE53637A1CE5FB1C000BAC25 /* ARObject.m in Sources */,
				CE363D091C4F9B2100828DC9 /* AppAboutViewController.m in Sources */,
				CEFD4A311C4C063C00CB0B27 /* FileManager.m in Sources */,
				CEFD4A461C4C0A4300CB0B27 /* ObjFileParser.m in Sources */,
				CE7BDC9E1E3DEF2E0011EE9C /* ClipPlaneShader.mm in Sources */,
				CEEF93621E44EA21005E9082 /* HintViewController.m in Sources */,
				CEFD4A431C4C0A2E00CB0B27 /* MtlFileScanner.m in Sources */,
				CEFD4A2B1C4C05B000CB0B27 /* ShaderUtils.cpp in Sources */,
				CE5363821CE60C5A000BAC25 /* Cache.m in Sources */,
				CEC13F8E1C4D763A004231EC /* DepthMapShader.mm in Sources */,
			);
			runOnlyForDeploymentPostprocessing = 0;
		};
/* End PBXSourcesBuildPhase section */

/* Begin PBXVariantGroup section */
		DA2680831EA7542B006813DA /* Main.storyboard */ = {
			isa = PBXVariantGroup;
			children = (
				DA73D3E41EAA46C700403F27 /* en */,
			);
			name = Main.storyboard;
			sourceTree = "<group>";
		};
		DA2680881EA755F5006813DA /* Localizable.strings */ = {
			isa = PBXVariantGroup;
			children = (
				DA2680871EA755F5006813DA /* de */,
				DA2680891EA757C3006813DA /* en */,
			);
			name = Localizable.strings;
			path = Internationalisation;
			sourceTree = SOURCE_ROOT;
		};
/* End PBXVariantGroup section */

/* Begin XCBuildConfiguration section */
		D21B08071A1B4AA20041ECF3 /* Debug */ = {
			isa = XCBuildConfiguration;
			buildSettings = {
				ALWAYS_SEARCH_USER_PATHS = NO;
				CLANG_ANALYZER_LOCALIZABILITY_NONLOCALIZED = YES;
				CLANG_CXX_LANGUAGE_STANDARD = "gnu++0x";
				CLANG_CXX_LIBRARY = "libc++";
				CLANG_ENABLE_MODULES = YES;
				CLANG_ENABLE_OBJC_ARC = YES;
				CLANG_WARN_BOOL_CONVERSION = YES;
				CLANG_WARN_CONSTANT_CONVERSION = YES;
				CLANG_WARN_DIRECT_OBJC_ISA_USAGE = YES_ERROR;
				CLANG_WARN_EMPTY_BODY = YES;
				CLANG_WARN_ENUM_CONVERSION = YES;
				CLANG_WARN_INFINITE_RECURSION = YES;
				CLANG_WARN_INT_CONVERSION = YES;
				CLANG_WARN_OBJC_ROOT_CLASS = YES_ERROR;
				CLANG_WARN_SUSPICIOUS_MOVE = YES;
				CLANG_WARN_UNREACHABLE_CODE = YES;
				CLANG_WARN__DUPLICATE_METHOD_MATCH = YES;
				CODE_SIGN_IDENTITY = "iPhone Developer";
				COPY_PHASE_STRIP = NO;
				DEBUG_ACTIVITY_MODE = "";
				"DEBUG_ACTIVITY_MODE[sdk=iphonesimulator*]" = disable;
				ENABLE_STRICT_OBJC_MSGSEND = YES;
				ENABLE_TESTABILITY = YES;
				GCC_C_LANGUAGE_STANDARD = gnu99;
				GCC_DYNAMIC_NO_PIC = NO;
				GCC_NO_COMMON_BLOCKS = YES;
				GCC_OPTIMIZATION_LEVEL = 0;
				GCC_PREPROCESSOR_DEFINITIONS = (
					"DEBUG=1",
					"$(inherited)",
				);
				GCC_SYMBOLS_PRIVATE_EXTERN = NO;
				GCC_WARN_64_TO_32_BIT_CONVERSION = YES;
				GCC_WARN_ABOUT_RETURN_TYPE = YES_ERROR;
				GCC_WARN_UNDECLARED_SELECTOR = YES;
				GCC_WARN_UNINITIALIZED_AUTOS = YES_AGGRESSIVE;
				GCC_WARN_UNUSED_FUNCTION = YES;
				GCC_WARN_UNUSED_VARIABLE = YES;
				IPHONEOS_DEPLOYMENT_TARGET = 9.0;
				MTL_ENABLE_DEBUG_INFO = YES;
				ONLY_ACTIVE_ARCH = YES;
				SDKROOT = iphoneos;
				TARGETED_DEVICE_FAMILY = "1,2";
			};
			name = Debug;
		};
		D21B08081A1B4AA20041ECF3 /* Release */ = {
			isa = XCBuildConfiguration;
			buildSettings = {
				ALWAYS_SEARCH_USER_PATHS = NO;
				CLANG_ANALYZER_LOCALIZABILITY_NONLOCALIZED = YES;
				CLANG_CXX_LANGUAGE_STANDARD = "gnu++0x";
				CLANG_CXX_LIBRARY = "libc++";
				CLANG_ENABLE_MODULES = YES;
				CLANG_ENABLE_OBJC_ARC = YES;
				CLANG_WARN_BOOL_CONVERSION = YES;
				CLANG_WARN_CONSTANT_CONVERSION = YES;
				CLANG_WARN_DIRECT_OBJC_ISA_USAGE = YES_ERROR;
				CLANG_WARN_EMPTY_BODY = YES;
				CLANG_WARN_ENUM_CONVERSION = YES;
				CLANG_WARN_INFINITE_RECURSION = YES;
				CLANG_WARN_INT_CONVERSION = YES;
				CLANG_WARN_OBJC_ROOT_CLASS = YES_ERROR;
				CLANG_WARN_SUSPICIOUS_MOVE = YES;
				CLANG_WARN_UNREACHABLE_CODE = YES;
				CLANG_WARN__DUPLICATE_METHOD_MATCH = YES;
				CODE_SIGN_IDENTITY = "iPhone Developer";
				COPY_PHASE_STRIP = YES;
				DEBUG_ACTIVITY_MODE = "";
				ENABLE_NS_ASSERTIONS = NO;
				ENABLE_STRICT_OBJC_MSGSEND = YES;
				GCC_C_LANGUAGE_STANDARD = gnu99;
				GCC_NO_COMMON_BLOCKS = YES;
				GCC_WARN_64_TO_32_BIT_CONVERSION = YES;
				GCC_WARN_ABOUT_RETURN_TYPE = YES_ERROR;
				GCC_WARN_UNDECLARED_SELECTOR = YES;
				GCC_WARN_UNINITIALIZED_AUTOS = YES_AGGRESSIVE;
				GCC_WARN_UNUSED_FUNCTION = YES;
				GCC_WARN_UNUSED_VARIABLE = YES;
				IPHONEOS_DEPLOYMENT_TARGET = 9.0;
				MTL_ENABLE_DEBUG_INFO = NO;
				SDKROOT = iphoneos;
				TARGETED_DEVICE_FAMILY = "1,2";
				VALIDATE_PRODUCT = YES;
			};
			name = Release;
		};
		D21B080A1A1B4AA20041ECF3 /* Debug */ = {
			isa = XCBuildConfiguration;
			buildSettings = {
				ASSETCATALOG_COMPILER_APPICON_NAME = AppIcon;
				ASSETCATALOG_COMPILER_LAUNCHIMAGE_NAME = LaunchImage;
				CLANG_ALLOW_NON_MODULAR_INCLUDES_IN_FRAMEWORK_MODULES = YES;
				CLANG_CXX_LANGUAGE_STANDARD = "c++0x";
				CODE_SIGN_IDENTITY = "iPhone Developer";
				"CODE_SIGN_IDENTITY[sdk=iphoneos*]" = "iPhone Developer";
				DEVELOPMENT_TEAM = 7WH459L33L;
				ENABLE_BITCODE = NO;
				HEADER_SEARCH_PATHS = "Vuforia/vuforia-sdk-ios-5-0-10/build/include";
				INFOPLIST_FILE = "AR-Quest-Info.plist";
				IPHONEOS_DEPLOYMENT_TARGET = 9.0;
				LIBRARY_SEARCH_PATHS = (
					"Vuforia/vuforia-sdk-ios-5-0-10/build/lib/arm",
					"$(PROJECT_DIR)",
				);
				ONLY_ACTIVE_ARCH = YES;
				PRODUCT_BUNDLE_IDENTIFIER = com.voxatec.arquest;
				PRODUCT_NAME = "AR-Quest";
				PROVISIONING_PROFILE = "";
				TARGETED_DEVICE_FAMILY = "1,2";
				VALID_ARCHS = "armv7 armv7s arm64";
			};
			name = Debug;
		};
		D21B080B1A1B4AA20041ECF3 /* Release */ = {
			isa = XCBuildConfiguration;
			buildSettings = {
				ASSETCATALOG_COMPILER_APPICON_NAME = AppIcon;
				ASSETCATALOG_COMPILER_LAUNCHIMAGE_NAME = LaunchImage;
				CLANG_ALLOW_NON_MODULAR_INCLUDES_IN_FRAMEWORK_MODULES = YES;
				CLANG_CXX_LANGUAGE_STANDARD = "c++0x";
				CODE_SIGN_IDENTITY = "iPhone Developer";
				"CODE_SIGN_IDENTITY[sdk=iphoneos*]" = "iPhone Developer";
				CURRENT_PROJECT_VERSION = 21;
				DEVELOPMENT_TEAM = 7WH459L33L;
				ENABLE_BITCODE = NO;
				HEADER_SEARCH_PATHS = "Vuforia/vuforia-sdk-ios-5-0-10/build/include";
				INFOPLIST_FILE = "AR-Quest-Info.plist";
				IPHONEOS_DEPLOYMENT_TARGET = 9.0;
				LIBRARY_SEARCH_PATHS = (
					"Vuforia/vuforia-sdk-ios-5-0-10/build/lib/arm",
					"$(PROJECT_DIR)",
				);
				PRODUCT_BUNDLE_IDENTIFIER = com.voxatec.arquest;
				PRODUCT_NAME = "AR-Quest";
				PROVISIONING_PROFILE = "";
				TARGETED_DEVICE_FAMILY = "1,2";
				VALID_ARCHS = "armv7 armv7s arm64";
			};
			name = Release;
		};
/* End XCBuildConfiguration section */

/* Begin XCConfigurationList section */
		D21B07E11A1B4AA10041ECF3 /* Build configuration list for PBXProject "AR-Quest" */ = {
			isa = XCConfigurationList;
			buildConfigurations = (
				D21B08071A1B4AA20041ECF3 /* Debug */,
				D21B08081A1B4AA20041ECF3 /* Release */,
			);
			defaultConfigurationIsVisible = 0;
			defaultConfigurationName = Release;
		};
		D21B08091A1B4AA20041ECF3 /* Build configuration list for PBXNativeTarget "AR-Quest" */ = {
			isa = XCConfigurationList;
			buildConfigurations = (
				D21B080A1A1B4AA20041ECF3 /* Debug */,
				D21B080B1A1B4AA20041ECF3 /* Release */,
			);
			defaultConfigurationIsVisible = 0;
			defaultConfigurationName = Release;
		};
/* End XCConfigurationList section */
	};
	rootObject = D21B07DE1A1B4AA10041ECF3 /* Project object */;
}
